// !$*UTF8*$!
{
	archiveVersion = 1;
	classes = {
	};
	objectVersion = 56;
	objects = {

/* Begin PBXBuildFile section */
		0B700324298558690003E8CE /* EmailViewController.swift in Sources */ = {isa = PBXBuildFile; fileRef = 0B700323298558690003E8CE /* EmailViewController.swift */; };
		0B700326298558CE0003E8CE /* Id_PassWordViewController.swift in Sources */ = {isa = PBXBuildFile; fileRef = 0B700325298558CE0003E8CE /* Id_PassWordViewController.swift */; };
		0B70032829855A120003E8CE /* Basic_InfoViewController.swift in Sources */ = {isa = PBXBuildFile; fileRef = 0B70032729855A120003E8CE /* Basic_InfoViewController.swift */; };
		0B70032A29855A6D0003E8CE /* InterestViewController.swift in Sources */ = {isa = PBXBuildFile; fileRef = 0B70032929855A6D0003E8CE /* InterestViewController.swift */; };
		0B70032C29855AAE0003E8CE /* HelloViewController.swift in Sources */ = {isa = PBXBuildFile; fileRef = 0B70032B29855AAE0003E8CE /* HelloViewController.swift */; };
		0BE18A4529827E7500934925 /* ServiceViewController.swift in Sources */ = {isa = PBXBuildFile; fileRef = 0BE18A1529827E7500934925 /* ServiceViewController.swift */; };
		0BE18A4629827E7500934925 /* ViewController.swift in Sources */ = {isa = PBXBuildFile; fileRef = 0BE18A1629827E7500934925 /* ViewController.swift */; };
		0BE18A4729827E7500934925 /* FirstLoginViewController.swift in Sources */ = {isa = PBXBuildFile; fileRef = 0BE18A1729827E7500934925 /* FirstLoginViewController.swift */; };
		0BE18A4829827E7500934925 /* Personal_Home.storyboard in Resources */ = {isa = PBXBuildFile; fileRef = 0BE18A1829827E7500934925 /* Personal_Home.storyboard */; };
		0BE18A4929827E7500934925 /* PersonalTab.storyboard in Resources */ = {isa = PBXBuildFile; fileRef = 0BE18A1929827E7500934925 /* PersonalTab.storyboard */; };
		0BE18A4A29827E7500934925 /* Assets.xcassets in Resources */ = {isa = PBXBuildFile; fileRef = 0BE18A1A29827E7500934925 /* Assets.xcassets */; };
		0BE18A4B29827E7500934925 /* StoreMainTableViewCell.swift in Sources */ = {isa = PBXBuildFile; fileRef = 0BE18A1C29827E7500934925 /* StoreMainTableViewCell.swift */; };
		0BE18A4C29827E7500934925 /* StoreMainViewController.swift in Sources */ = {isa = PBXBuildFile; fileRef = 0BE18A1D29827E7500934925 /* StoreMainViewController.swift */; };
		0BE18A4D29827E7500934925 /* StoreManageViewController.swift in Sources */ = {isa = PBXBuildFile; fileRef = 0BE18A1E29827E7500934925 /* StoreManageViewController.swift */; };
		0BE18A4E29827E7500934925 /* EditRebornViewController.swift in Sources */ = {isa = PBXBuildFile; fileRef = 0BE18A1F29827E7500934925 /* EditRebornViewController.swift */; };
		0BE18A4F29827E7500934925 /* PopupViewController.swift in Sources */ = {isa = PBXBuildFile; fileRef = 0BE18A2029827E7500934925 /* PopupViewController.swift */; };
		0BE18A5029827E7500934925 /* RebornEnrollViewController.swift in Sources */ = {isa = PBXBuildFile; fileRef = 0BE18A2129827E7500934925 /* RebornEnrollViewController.swift */; };
		0BE18A5129827E7500934925 /* AddRebornViewController.swift in Sources */ = {isa = PBXBuildFile; fileRef = 0BE18A2229827E7500934925 /* AddRebornViewController.swift */; };
		0BE18A5229827E7500934925 /* EditStoreViewController.swift in Sources */ = {isa = PBXBuildFile; fileRef = 0BE18A2329827E7500934925 /* EditStoreViewController.swift */; };
		0BE18A5329827E7500934925 /* EnrollTableViewCell.swift in Sources */ = {isa = PBXBuildFile; fileRef = 0BE18A2429827E7500934925 /* EnrollTableViewCell.swift */; };
		0BE18A5429827E7500934925 /* StoreModalViewController.swift in Sources */ = {isa = PBXBuildFile; fileRef = 0BE18A2529827E7500934925 /* StoreModalViewController.swift */; };
		0BE18A5529827E7500934925 /* StoreTabBarController.swift in Sources */ = {isa = PBXBuildFile; fileRef = 0BE18A2629827E7500934925 /* StoreTabBarController.swift */; };
		0BE18A5629827E7500934925 /* WhoViewController.swift in Sources */ = {isa = PBXBuildFile; fileRef = 0BE18A2729827E7500934925 /* WhoViewController.swift */; };
		0BE18A5729827E7500934925 /* ShopLoginViewController.swift in Sources */ = {isa = PBXBuildFile; fileRef = 0BE18A2829827E7500934925 /* ShopLoginViewController.swift */; };
		0BE18A5829827E7500934925 /* LaunchScreen.storyboard in Resources */ = {isa = PBXBuildFile; fileRef = 0BE18A2929827E7500934925 /* LaunchScreen.storyboard */; };
		0BE18A5929827E7500934925 /* Main.storyboard in Resources */ = {isa = PBXBuildFile; fileRef = 0BE18A2B29827E7500934925 /* Main.storyboard */; };
		0BE18A5A29827E7500934925 /* PersonalHomeViewController.swift in Sources */ = {isa = PBXBuildFile; fileRef = 0BE18A2D29827E7500934925 /* PersonalHomeViewController.swift */; };
		0BE18A5B29827E7500934925 /* MyRebornViewController.swift in Sources */ = {isa = PBXBuildFile; fileRef = 0BE18A2F29827E7500934925 /* MyRebornViewController.swift */; };
		0BE18A5C29827E7500934925 /* EditUserProfileViewController.swift in Sources */ = {isa = PBXBuildFile; fileRef = 0BE18A3029827E7500934925 /* EditUserProfileViewController.swift */; };
		0BE18A5D29827E7500934925 /* AlertStoreViewController.swift in Sources */ = {isa = PBXBuildFile; fileRef = 0BE18A3129827E7500934925 /* AlertStoreViewController.swift */; };
		0BE18A5E29827E7500934925 /* ReviewManageViewController.swift in Sources */ = {isa = PBXBuildFile; fileRef = 0BE18A3229827E7500934925 /* ReviewManageViewController.swift */; };
		0BE18A5F29827E7500934925 /* RecentStoreViewController.swift in Sources */ = {isa = PBXBuildFile; fileRef = 0BE18A3329827E7500934925 /* RecentStoreViewController.swift */; };
		0BE18A6029827E7500934925 /* MyRebornCell.swift in Sources */ = {isa = PBXBuildFile; fileRef = 0BE18A3429827E7500934925 /* MyRebornCell.swift */; };
		0BE18A6129827E7500934925 /* RebornHistoryViewController.swift in Sources */ = {isa = PBXBuildFile; fileRef = 0BE18A3529827E7500934925 /* RebornHistoryViewController.swift */; };
		0BE18A6229827E7500934925 /* MyReborn.storyboard in Resources */ = {isa = PBXBuildFile; fileRef = 0BE18A3629827E7500934925 /* MyReborn.storyboard */; };
		0BE18A6329827E7500934925 /* MyCouponViewController.swift in Sources */ = {isa = PBXBuildFile; fileRef = 0BE18A3729827E7500934925 /* MyCouponViewController.swift */; };
		0BE18A6429827E7500934925 /* JoinLogin.storyboard in Resources */ = {isa = PBXBuildFile; fileRef = 0BE18A3829827E7500934925 /* JoinLogin.storyboard */; };
		0BE18A6529827E7500934925 /* RecruitedRebronViewController.swift in Sources */ = {isa = PBXBuildFile; fileRef = 0BE18A3A29827E7500934925 /* RecruitedRebronViewController.swift */; };
		0BE18A6629827E7500934925 /* PopularShopViewController.swift in Sources */ = {isa = PBXBuildFile; fileRef = 0BE18A3B29827E7500934925 /* PopularShopViewController.swift */; };
		0BE18A6729827E7500934925 /* NewShopViewController.swift in Sources */ = {isa = PBXBuildFile; fileRef = 0BE18A3C29827E7500934925 /* NewShopViewController.swift */; };
		0BE18A6829827E7500934925 /* BestReviewViewController.swift in Sources */ = {isa = PBXBuildFile; fileRef = 0BE18A3D29827E7500934925 /* BestReviewViewController.swift */; };
		0BE18A6929827E7500934925 /* PopularSideDishViewController.swift in Sources */ = {isa = PBXBuildFile; fileRef = 0BE18A3E29827E7500934925 /* PopularSideDishViewController.swift */; };
		0BE18A6A29827E7500934925 /* PopularCafeViewController.swift in Sources */ = {isa = PBXBuildFile; fileRef = 0BE18A3F29827E7500934925 /* PopularCafeViewController.swift */; };
		0BE18A6B29827E7500934925 /* StoreTab.storyboard in Resources */ = {isa = PBXBuildFile; fileRef = 0BE18A4029827E7500934925 /* StoreTab.storyboard */; };
		0BE18A6D29827E7500934925 /* AppDelegate.swift in Sources */ = {isa = PBXBuildFile; fileRef = 0BE18A4229827E7500934925 /* AppDelegate.swift */; };
		0BE18A6F29827E7500934925 /* SceneDelegate.swift in Sources */ = {isa = PBXBuildFile; fileRef = 0BE18A4429827E7500934925 /* SceneDelegate.swift */; };
		0BE37FDF298591F100721F19 /* FirstViewController.swift in Sources */ = {isa = PBXBuildFile; fileRef = 0BE37FDE298591F100721F19 /* FirstViewController.swift */; };
		0BE37FE129869FE300721F19 /* NbViewController.swift in Sources */ = {isa = PBXBuildFile; fileRef = 0BE37FE029869FE300721F19 /* NbViewController.swift */; };
		F54958F376ED96265363C1F8 /* Pods_UMC_Reborn.framework in Frameworks */ = {isa = PBXBuildFile; fileRef = EB1D96CEC8F954642A95C41C /* Pods_UMC_Reborn.framework */; };
/* End PBXBuildFile section */

/* Begin PBXFileReference section */
		0B700323298558690003E8CE /* EmailViewController.swift */ = {isa = PBXFileReference; lastKnownFileType = sourcecode.swift; name = EmailViewController.swift; path = "UMC-Reborn/UMC-Reborn/EmailViewController.swift"; sourceTree = SOURCE_ROOT; };
		0B700325298558CE0003E8CE /* Id_PassWordViewController.swift */ = {isa = PBXFileReference; lastKnownFileType = sourcecode.swift; name = Id_PassWordViewController.swift; path = "UMC-Reborn/UMC-Reborn/Id_PassWordViewController.swift"; sourceTree = SOURCE_ROOT; };
		0B70032729855A120003E8CE /* Basic_InfoViewController.swift */ = {isa = PBXFileReference; lastKnownFileType = sourcecode.swift; name = Basic_InfoViewController.swift; path = "UMC-Reborn/UMC-Reborn/Basic_InfoViewController.swift"; sourceTree = SOURCE_ROOT; };
		0B70032929855A6D0003E8CE /* InterestViewController.swift */ = {isa = PBXFileReference; lastKnownFileType = sourcecode.swift; name = InterestViewController.swift; path = "UMC-Reborn/UMC-Reborn/InterestViewController.swift"; sourceTree = SOURCE_ROOT; };
		0B70032B29855AAE0003E8CE /* HelloViewController.swift */ = {isa = PBXFileReference; lastKnownFileType = sourcecode.swift; name = HelloViewController.swift; path = "UMC-Reborn/UMC-Reborn/HelloViewController.swift"; sourceTree = SOURCE_ROOT; };
		0BE18A1529827E7500934925 /* ServiceViewController.swift */ = {isa = PBXFileReference; fileEncoding = 4; lastKnownFileType = sourcecode.swift; path = ServiceViewController.swift; sourceTree = "<group>"; };
		0BE18A1629827E7500934925 /* ViewController.swift */ = {isa = PBXFileReference; fileEncoding = 4; lastKnownFileType = sourcecode.swift; path = ViewController.swift; sourceTree = "<group>"; };
		0BE18A1729827E7500934925 /* FirstLoginViewController.swift */ = {isa = PBXFileReference; fileEncoding = 4; lastKnownFileType = sourcecode.swift; path = FirstLoginViewController.swift; sourceTree = "<group>"; };
		0BE18A1829827E7500934925 /* Personal_Home.storyboard */ = {isa = PBXFileReference; fileEncoding = 4; lastKnownFileType = file.storyboard; path = Personal_Home.storyboard; sourceTree = "<group>"; };
		0BE18A1929827E7500934925 /* PersonalTab.storyboard */ = {isa = PBXFileReference; fileEncoding = 4; lastKnownFileType = file.storyboard; path = PersonalTab.storyboard; sourceTree = "<group>"; };
		0BE18A1A29827E7500934925 /* Assets.xcassets */ = {isa = PBXFileReference; lastKnownFileType = folder.assetcatalog; path = Assets.xcassets; sourceTree = "<group>"; };
		0BE18A1C29827E7500934925 /* StoreMainTableViewCell.swift */ = {isa = PBXFileReference; fileEncoding = 4; lastKnownFileType = sourcecode.swift; path = StoreMainTableViewCell.swift; sourceTree = "<group>"; };
		0BE18A1D29827E7500934925 /* StoreMainViewController.swift */ = {isa = PBXFileReference; fileEncoding = 4; lastKnownFileType = sourcecode.swift; path = StoreMainViewController.swift; sourceTree = "<group>"; };
		0BE18A1E29827E7500934925 /* StoreManageViewController.swift */ = {isa = PBXFileReference; fileEncoding = 4; lastKnownFileType = sourcecode.swift; path = StoreManageViewController.swift; sourceTree = "<group>"; };
		0BE18A1F29827E7500934925 /* EditRebornViewController.swift */ = {isa = PBXFileReference; fileEncoding = 4; lastKnownFileType = sourcecode.swift; path = EditRebornViewController.swift; sourceTree = "<group>"; };
		0BE18A2029827E7500934925 /* PopupViewController.swift */ = {isa = PBXFileReference; fileEncoding = 4; lastKnownFileType = sourcecode.swift; path = PopupViewController.swift; sourceTree = "<group>"; };
		0BE18A2129827E7500934925 /* RebornEnrollViewController.swift */ = {isa = PBXFileReference; fileEncoding = 4; lastKnownFileType = sourcecode.swift; path = RebornEnrollViewController.swift; sourceTree = "<group>"; };
		0BE18A2229827E7500934925 /* AddRebornViewController.swift */ = {isa = PBXFileReference; fileEncoding = 4; lastKnownFileType = sourcecode.swift; path = AddRebornViewController.swift; sourceTree = "<group>"; };
		0BE18A2329827E7500934925 /* EditStoreViewController.swift */ = {isa = PBXFileReference; fileEncoding = 4; lastKnownFileType = sourcecode.swift; path = EditStoreViewController.swift; sourceTree = "<group>"; };
		0BE18A2429827E7500934925 /* EnrollTableViewCell.swift */ = {isa = PBXFileReference; fileEncoding = 4; lastKnownFileType = sourcecode.swift; path = EnrollTableViewCell.swift; sourceTree = "<group>"; };
		0BE18A2529827E7500934925 /* StoreModalViewController.swift */ = {isa = PBXFileReference; fileEncoding = 4; lastKnownFileType = sourcecode.swift; path = StoreModalViewController.swift; sourceTree = "<group>"; };
		0BE18A2629827E7500934925 /* StoreTabBarController.swift */ = {isa = PBXFileReference; fileEncoding = 4; lastKnownFileType = sourcecode.swift; path = StoreTabBarController.swift; sourceTree = "<group>"; };
		0BE18A2729827E7500934925 /* WhoViewController.swift */ = {isa = PBXFileReference; fileEncoding = 4; lastKnownFileType = sourcecode.swift; path = WhoViewController.swift; sourceTree = "<group>"; };
		0BE18A2829827E7500934925 /* ShopLoginViewController.swift */ = {isa = PBXFileReference; fileEncoding = 4; lastKnownFileType = sourcecode.swift; path = ShopLoginViewController.swift; sourceTree = "<group>"; };
		0BE18A2A29827E7500934925 /* Base */ = {isa = PBXFileReference; lastKnownFileType = file.storyboard; name = Base; path = Base.lproj/LaunchScreen.storyboard; sourceTree = "<group>"; };
		0BE18A2C29827E7500934925 /* Base */ = {isa = PBXFileReference; lastKnownFileType = file.storyboard; name = Base; path = Base.lproj/Main.storyboard; sourceTree = "<group>"; };
		0BE18A2D29827E7500934925 /* PersonalHomeViewController.swift */ = {isa = PBXFileReference; fileEncoding = 4; lastKnownFileType = sourcecode.swift; path = PersonalHomeViewController.swift; sourceTree = "<group>"; };
		0BE18A2F29827E7500934925 /* MyRebornViewController.swift */ = {isa = PBXFileReference; fileEncoding = 4; lastKnownFileType = sourcecode.swift; path = MyRebornViewController.swift; sourceTree = "<group>"; };
		0BE18A3029827E7500934925 /* EditUserProfileViewController.swift */ = {isa = PBXFileReference; fileEncoding = 4; lastKnownFileType = sourcecode.swift; path = EditUserProfileViewController.swift; sourceTree = "<group>"; };
		0BE18A3129827E7500934925 /* AlertStoreViewController.swift */ = {isa = PBXFileReference; fileEncoding = 4; lastKnownFileType = sourcecode.swift; path = AlertStoreViewController.swift; sourceTree = "<group>"; };
		0BE18A3229827E7500934925 /* ReviewManageViewController.swift */ = {isa = PBXFileReference; fileEncoding = 4; lastKnownFileType = sourcecode.swift; path = ReviewManageViewController.swift; sourceTree = "<group>"; };
		0BE18A3329827E7500934925 /* RecentStoreViewController.swift */ = {isa = PBXFileReference; fileEncoding = 4; lastKnownFileType = sourcecode.swift; path = RecentStoreViewController.swift; sourceTree = "<group>"; };
		0BE18A3429827E7500934925 /* MyRebornCell.swift */ = {isa = PBXFileReference; fileEncoding = 4; lastKnownFileType = sourcecode.swift; path = MyRebornCell.swift; sourceTree = "<group>"; };
		0BE18A3529827E7500934925 /* RebornHistoryViewController.swift */ = {isa = PBXFileReference; fileEncoding = 4; lastKnownFileType = sourcecode.swift; path = RebornHistoryViewController.swift; sourceTree = "<group>"; };
		0BE18A3629827E7500934925 /* MyReborn.storyboard */ = {isa = PBXFileReference; fileEncoding = 4; lastKnownFileType = file.storyboard; path = MyReborn.storyboard; sourceTree = "<group>"; };
		0BE18A3729827E7500934925 /* MyCouponViewController.swift */ = {isa = PBXFileReference; fileEncoding = 4; lastKnownFileType = sourcecode.swift; path = MyCouponViewController.swift; sourceTree = "<group>"; };
		0BE18A3829827E7500934925 /* JoinLogin.storyboard */ = {isa = PBXFileReference; fileEncoding = 4; lastKnownFileType = file.storyboard; path = JoinLogin.storyboard; sourceTree = "<group>"; };
		0BE18A3A29827E7500934925 /* RecruitedRebronViewController.swift */ = {isa = PBXFileReference; fileEncoding = 4; lastKnownFileType = sourcecode.swift; path = RecruitedRebronViewController.swift; sourceTree = "<group>"; };
		0BE18A3B29827E7500934925 /* PopularShopViewController.swift */ = {isa = PBXFileReference; fileEncoding = 4; lastKnownFileType = sourcecode.swift; path = PopularShopViewController.swift; sourceTree = "<group>"; };
		0BE18A3C29827E7500934925 /* NewShopViewController.swift */ = {isa = PBXFileReference; fileEncoding = 4; lastKnownFileType = sourcecode.swift; path = NewShopViewController.swift; sourceTree = "<group>"; };
		0BE18A3D29827E7500934925 /* BestReviewViewController.swift */ = {isa = PBXFileReference; fileEncoding = 4; lastKnownFileType = sourcecode.swift; path = BestReviewViewController.swift; sourceTree = "<group>"; };
		0BE18A3E29827E7500934925 /* PopularSideDishViewController.swift */ = {isa = PBXFileReference; fileEncoding = 4; lastKnownFileType = sourcecode.swift; path = PopularSideDishViewController.swift; sourceTree = "<group>"; };
		0BE18A3F29827E7500934925 /* PopularCafeViewController.swift */ = {isa = PBXFileReference; fileEncoding = 4; lastKnownFileType = sourcecode.swift; path = PopularCafeViewController.swift; sourceTree = "<group>"; };
		0BE18A4029827E7500934925 /* StoreTab.storyboard */ = {isa = PBXFileReference; fileEncoding = 4; lastKnownFileType = file.storyboard; path = StoreTab.storyboard; sourceTree = "<group>"; };
		0BE18A4229827E7500934925 /* AppDelegate.swift */ = {isa = PBXFileReference; fileEncoding = 4; lastKnownFileType = sourcecode.swift; path = AppDelegate.swift; sourceTree = "<group>"; };
		0BE18A4329827E7500934925 /* Info.plist */ = {isa = PBXFileReference; fileEncoding = 4; lastKnownFileType = text.plist.xml; path = Info.plist; sourceTree = "<group>"; };
		0BE18A4429827E7500934925 /* SceneDelegate.swift */ = {isa = PBXFileReference; fileEncoding = 4; lastKnownFileType = sourcecode.swift; path = SceneDelegate.swift; sourceTree = "<group>"; };
		0BE37FDE298591F100721F19 /* FirstViewController.swift */ = {isa = PBXFileReference; lastKnownFileType = sourcecode.swift; name = FirstViewController.swift; path = "UMC-Reborn/UMC-Reborn/FirstViewController.swift"; sourceTree = SOURCE_ROOT; };
		0BE37FE029869FE300721F19 /* NbViewController.swift */ = {isa = PBXFileReference; lastKnownFileType = sourcecode.swift; name = NbViewController.swift; path = "UMC-Reborn/UMC-Reborn/NbViewController.swift"; sourceTree = SOURCE_ROOT; };
		0F6EF8032D9E3685D5618366 /* Pods-UMC-Reborn.release.xcconfig */ = {isa = PBXFileReference; includeInIndex = 1; lastKnownFileType = text.xcconfig; name = "Pods-UMC-Reborn.release.xcconfig"; path = "Target Support Files/Pods-UMC-Reborn/Pods-UMC-Reborn.release.xcconfig"; sourceTree = "<group>"; };
		20695CA204D5535133317C3B /* Pods-UMC-Reborn.debug.xcconfig */ = {isa = PBXFileReference; includeInIndex = 1; lastKnownFileType = text.xcconfig; name = "Pods-UMC-Reborn.debug.xcconfig"; path = "Target Support Files/Pods-UMC-Reborn/Pods-UMC-Reborn.debug.xcconfig"; sourceTree = "<group>"; };
		C7C4FD71296D315B00040E05 /* UMC-Reborn.app */ = {isa = PBXFileReference; explicitFileType = wrapper.application; includeInIndex = 0; path = "UMC-Reborn.app"; sourceTree = BUILT_PRODUCTS_DIR; };
		EB1D96CEC8F954642A95C41C /* Pods_UMC_Reborn.framework */ = {isa = PBXFileReference; explicitFileType = wrapper.framework; includeInIndex = 0; path = Pods_UMC_Reborn.framework; sourceTree = BUILT_PRODUCTS_DIR; };
/* End PBXFileReference section */

/* Begin PBXFrameworksBuildPhase section */
		C7C4FD6E296D315B00040E05 /* Frameworks */ = {
			isa = PBXFrameworksBuildPhase;
			buildActionMask = 2147483647;
			files = (
				F54958F376ED96265363C1F8 /* Pods_UMC_Reborn.framework in Frameworks */,
			);
			runOnlyForDeploymentPostprocessing = 0;
		};
/* End PBXFrameworksBuildPhase section */

/* Begin PBXGroup section */
		0BE18A1429827E7500934925 /* UMC-Reborn */ = {
			isa = PBXGroup;
			children = (
				0BE18A2E29827E7500934925 /* MyReborn */,
				0BE18A1629827E7500934925 /* ViewController.swift */,
				0BE18A1829827E7500934925 /* Personal_Home.storyboard */,
				0BE18A1929827E7500934925 /* PersonalTab.storyboard */,
				0BE18A1A29827E7500934925 /* Assets.xcassets */,
				0BE18A1B29827E7500934925 /* StoreHomeViewController */,
				0BE18A2929827E7500934925 /* LaunchScreen.storyboard */,
				0BE18A2B29827E7500934925 /* Main.storyboard */,
				0BE18A2D29827E7500934925 /* PersonalHomeViewController.swift */,
				0BE18A3929827E7500934925 /* PersonalHome */,
				0BE18A4029827E7500934925 /* StoreTab.storyboard */,
				0BE18A4229827E7500934925 /* AppDelegate.swift */,
				0BE18A4429827E7500934925 /* SceneDelegate.swift */,
				0BE18A4329827E7500934925 /* Info.plist */,
				0BE18A712982829400934925 /* join */,
			);
			name = "UMC-Reborn";
			path = "../../.Trash/UMC-Reborn";
			sourceTree = "<group>";
		};
		0BE18A1B29827E7500934925 /* StoreHomeViewController */ = {
			isa = PBXGroup;
			children = (
				0BE18A1C29827E7500934925 /* StoreMainTableViewCell.swift */,
				0BE18A1D29827E7500934925 /* StoreMainViewController.swift */,
				0BE18A1E29827E7500934925 /* StoreManageViewController.swift */,
				0BE18A1F29827E7500934925 /* EditRebornViewController.swift */,
				0BE18A2029827E7500934925 /* PopupViewController.swift */,
				0BE18A2129827E7500934925 /* RebornEnrollViewController.swift */,
				0BE18A2229827E7500934925 /* AddRebornViewController.swift */,
				0BE18A2329827E7500934925 /* EditStoreViewController.swift */,
				0BE18A2429827E7500934925 /* EnrollTableViewCell.swift */,
				0BE18A2529827E7500934925 /* StoreModalViewController.swift */,
				0BE18A2629827E7500934925 /* StoreTabBarController.swift */,
			);
			path = StoreHomeViewController;
			sourceTree = "<group>";
		};
		0BE18A2E29827E7500934925 /* MyReborn */ = {
			isa = PBXGroup;
			children = (
				0BE18A2F29827E7500934925 /* MyRebornViewController.swift */,
				0BE18A3029827E7500934925 /* EditUserProfileViewController.swift */,
				0BE18A3129827E7500934925 /* AlertStoreViewController.swift */,
				0BE18A3229827E7500934925 /* ReviewManageViewController.swift */,
				0BE18A3329827E7500934925 /* RecentStoreViewController.swift */,
				0BE18A3429827E7500934925 /* MyRebornCell.swift */,
				0BE18A3529827E7500934925 /* RebornHistoryViewController.swift */,
				0BE18A3629827E7500934925 /* MyReborn.storyboard */,
				0BE18A3729827E7500934925 /* MyCouponViewController.swift */,
			);
			path = MyReborn;
			sourceTree = "<group>";
		};
		0BE18A3929827E7500934925 /* PersonalHome */ = {
			isa = PBXGroup;
			children = (
				0BE18A3A29827E7500934925 /* RecruitedRebronViewController.swift */,
				0BE18A3B29827E7500934925 /* PopularShopViewController.swift */,
				0BE18A3C29827E7500934925 /* NewShopViewController.swift */,
				0BE18A3D29827E7500934925 /* BestReviewViewController.swift */,
				0BE18A3E29827E7500934925 /* PopularSideDishViewController.swift */,
				0BE18A3F29827E7500934925 /* PopularCafeViewController.swift */,
			);
			path = PersonalHome;
			sourceTree = "<group>";
		};
		0BE18A712982829400934925 /* join */ = {
			isa = PBXGroup;
			children = (
				0BE18A3829827E7500934925 /* JoinLogin.storyboard */,
				0BE18A1729827E7500934925 /* FirstLoginViewController.swift */,
				0BE37FDE298591F100721F19 /* FirstViewController.swift */,
				0BE37FE029869FE300721F19 /* NbViewController.swift */,
				0BE18A2829827E7500934925 /* ShopLoginViewController.swift */,
				0B70032729855A120003E8CE /* Basic_InfoViewController.swift */,
				0B70032929855A6D0003E8CE /* InterestViewController.swift */,
				0B700325298558CE0003E8CE /* Id_PassWordViewController.swift */,
				0B700323298558690003E8CE /* EmailViewController.swift */,
				0BE18A1529827E7500934925 /* ServiceViewController.swift */,
				0BE18A2729827E7500934925 /* WhoViewController.swift */,
				0B70032B29855AAE0003E8CE /* HelloViewController.swift */,
			);
			path = join;
			sourceTree = "<group>";
		};
		77AD8D9494DCB96CF5BB6F9D /* Frameworks */ = {
			isa = PBXGroup;
			children = (
				EB1D96CEC8F954642A95C41C /* Pods_UMC_Reborn.framework */,
			);
			name = Frameworks;
			path = "UMC-Reborn";
			sourceTree = "<group>";
		};
		C7C4FD68296D315B00040E05 = {
			isa = PBXGroup;
			children = (
				0BE18A1429827E7500934925 /* UMC-Reborn */,
				C7C4FD72296D315B00040E05 /* Products */,
				D04DEAD214F0B35E09E08104 /* Pods */,
				77AD8D9494DCB96CF5BB6F9D /* Frameworks */,
			);
			sourceTree = "<group>";
		};
		C7C4FD72296D315B00040E05 /* Products */ = {
			isa = PBXGroup;
			children = (
				C7C4FD71296D315B00040E05 /* UMC-Reborn.app */,
			);
			name = Products;
			sourceTree = "<group>";
		};
		D04DEAD214F0B35E09E08104 /* Pods */ = {
			isa = PBXGroup;
			children = (
				20695CA204D5535133317C3B /* Pods-UMC-Reborn.debug.xcconfig */,
				0F6EF8032D9E3685D5618366 /* Pods-UMC-Reborn.release.xcconfig */,
			);
			path = Pods;
			sourceTree = "<group>";
		};
/* End PBXGroup section */

/* Begin PBXNativeTarget section */
		C7C4FD70296D315B00040E05 /* UMC-Reborn */ = {
			isa = PBXNativeTarget;
			buildConfigurationList = C7C4FD85296D315E00040E05 /* Build configuration list for PBXNativeTarget "UMC-Reborn" */;
			buildPhases = (
				6965A19F8B7A023819DAD2B1 /* [CP] Check Pods Manifest.lock */,
				C7C4FD6D296D315B00040E05 /* Sources */,
				C7C4FD6E296D315B00040E05 /* Frameworks */,
				C7C4FD6F296D315B00040E05 /* Resources */,
				F0535D8D29DFB2B70ECBF9CB /* [CP] Embed Pods Frameworks */,
			);
			buildRules = (
			);
			dependencies = (
			);
			name = "UMC-Reborn";
			productName = "UMC-Reborn";
			productReference = C7C4FD71296D315B00040E05 /* UMC-Reborn.app */;
			productType = "com.apple.product-type.application";
		};
/* End PBXNativeTarget section */

/* Begin PBXProject section */
		C7C4FD69296D315B00040E05 /* Project object */ = {
			isa = PBXProject;
			attributes = {
				BuildIndependentTargetsInParallel = 1;
				LastSwiftUpdateCheck = 1420;
				LastUpgradeCheck = 1420;
				TargetAttributes = {
					C7C4FD70296D315B00040E05 = {
						CreatedOnToolsVersion = 14.2;
					};
				};
			};
			buildConfigurationList = C7C4FD6C296D315B00040E05 /* Build configuration list for PBXProject "UMC-Reborn" */;
			compatibilityVersion = "Xcode 14.0";
			developmentRegion = en;
			hasScannedForEncodings = 0;
			knownRegions = (
				en,
				Base,
			);
			mainGroup = C7C4FD68296D315B00040E05;
			productRefGroup = C7C4FD72296D315B00040E05 /* Products */;
			projectDirPath = "";
			projectRoot = "";
			targets = (
				C7C4FD70296D315B00040E05 /* UMC-Reborn */,
			);
		};
/* End PBXProject section */

/* Begin PBXResourcesBuildPhase section */
		C7C4FD6F296D315B00040E05 /* Resources */ = {
			isa = PBXResourcesBuildPhase;
			buildActionMask = 2147483647;
			files = (
				0BE18A4829827E7500934925 /* Personal_Home.storyboard in Resources */,
				0BE18A6429827E7500934925 /* JoinLogin.storyboard in Resources */,
				0BE18A4929827E7500934925 /* PersonalTab.storyboard in Resources */,
				0BE18A6229827E7500934925 /* MyReborn.storyboard in Resources */,
				0BE18A5929827E7500934925 /* Main.storyboard in Resources */,
				0BE18A6B29827E7500934925 /* StoreTab.storyboard in Resources */,
				0BE18A5829827E7500934925 /* LaunchScreen.storyboard in Resources */,
				0BE18A4A29827E7500934925 /* Assets.xcassets in Resources */,
			);
			runOnlyForDeploymentPostprocessing = 0;
		};
/* End PBXResourcesBuildPhase section */

/* Begin PBXShellScriptBuildPhase section */
		6965A19F8B7A023819DAD2B1 /* [CP] Check Pods Manifest.lock */ = {
			isa = PBXShellScriptBuildPhase;
			buildActionMask = 2147483647;
			files = (
			);
			inputFileListPaths = (
			);
			inputPaths = (
				"${PODS_PODFILE_DIR_PATH}/Podfile.lock",
				"${PODS_ROOT}/Manifest.lock",
			);
			name = "[CP] Check Pods Manifest.lock";
			outputFileListPaths = (
			);
			outputPaths = (
				"$(DERIVED_FILE_DIR)/Pods-UMC-Reborn-checkManifestLockResult.txt",
			);
			runOnlyForDeploymentPostprocessing = 0;
			shellPath = /bin/sh;
			shellScript = "diff \"${PODS_PODFILE_DIR_PATH}/Podfile.lock\" \"${PODS_ROOT}/Manifest.lock\" > /dev/null\nif [ $? != 0 ] ; then\n    # print error to STDERR\n    echo \"error: The sandbox is not in sync with the Podfile.lock. Run 'pod install' or update your CocoaPods installation.\" >&2\n    exit 1\nfi\n# This output is used by Xcode 'outputs' to avoid re-running this script phase.\necho \"SUCCESS\" > \"${SCRIPT_OUTPUT_FILE_0}\"\n";
			showEnvVarsInLog = 0;
		};
		F0535D8D29DFB2B70ECBF9CB /* [CP] Embed Pods Frameworks */ = {
			isa = PBXShellScriptBuildPhase;
			buildActionMask = 2147483647;
			files = (
			);
			inputFileListPaths = (
				"${PODS_ROOT}/Target Support Files/Pods-UMC-Reborn/Pods-UMC-Reborn-frameworks-${CONFIGURATION}-input-files.xcfilelist",
			);
			name = "[CP] Embed Pods Frameworks";
			outputFileListPaths = (
				"${PODS_ROOT}/Target Support Files/Pods-UMC-Reborn/Pods-UMC-Reborn-frameworks-${CONFIGURATION}-output-files.xcfilelist",
			);
			runOnlyForDeploymentPostprocessing = 0;
			shellPath = /bin/sh;
			shellScript = "\"${PODS_ROOT}/Target Support Files/Pods-UMC-Reborn/Pods-UMC-Reborn-frameworks.sh\"\n";
			showEnvVarsInLog = 0;
		};
/* End PBXShellScriptBuildPhase section */

/* Begin PBXSourcesBuildPhase section */
		C7C4FD6D296D315B00040E05 /* Sources */ = {
			isa = PBXSourcesBuildPhase;
			buildActionMask = 2147483647;
			files = (
				0BE18A5B29827E7500934925 /* MyRebornViewController.swift in Sources */,
				0BE18A5629827E7500934925 /* WhoViewController.swift in Sources */,
				0BE18A5029827E7500934925 /* RebornEnrollViewController.swift in Sources */,
				0BE18A5D29827E7500934925 /* AlertStoreViewController.swift in Sources */,
				0BE18A5329827E7500934925 /* EnrollTableViewCell.swift in Sources */,
				0B70032829855A120003E8CE /* Basic_InfoViewController.swift in Sources */,
				0BE18A5729827E7500934925 /* ShopLoginViewController.swift in Sources */,
				0BE18A5F29827E7500934925 /* RecentStoreViewController.swift in Sources */,
				0BE18A6529827E7500934925 /* RecruitedRebronViewController.swift in Sources */,
				0BE18A6F29827E7500934925 /* SceneDelegate.swift in Sources */,
				0BE18A5E29827E7500934925 /* ReviewManageViewController.swift in Sources */,
				0BE18A4529827E7500934925 /* ServiceViewController.swift in Sources */,
				0BE18A6629827E7500934925 /* PopularShopViewController.swift in Sources */,
				0BE18A4F29827E7500934925 /* PopupViewController.swift in Sources */,
				0BE18A4C29827E7500934925 /* StoreMainViewController.swift in Sources */,
				0B70032C29855AAE0003E8CE /* HelloViewController.swift in Sources */,
				0BE18A4E29827E7500934925 /* EditRebornViewController.swift in Sources */,
				0BE18A4D29827E7500934925 /* StoreManageViewController.swift in Sources */,
				0BE18A6029827E7500934925 /* MyRebornCell.swift in Sources */,
				0BE18A6829827E7500934925 /* BestReviewViewController.swift in Sources */,
				0B700324298558690003E8CE /* EmailViewController.swift in Sources */,
				0BE18A5C29827E7500934925 /* EditUserProfileViewController.swift in Sources */,
				0BE18A5529827E7500934925 /* StoreTabBarController.swift in Sources */,
				0BE37FE129869FE300721F19 /* NbViewController.swift in Sources */,
				0BE18A4B29827E7500934925 /* StoreMainTableViewCell.swift in Sources */,
				0BE18A4629827E7500934925 /* ViewController.swift in Sources */,
				0B700326298558CE0003E8CE /* Id_PassWordViewController.swift in Sources */,
				0BE18A6D29827E7500934925 /* AppDelegate.swift in Sources */,
				0BE18A6929827E7500934925 /* PopularSideDishViewController.swift in Sources */,
				0BE18A6329827E7500934925 /* MyCouponViewController.swift in Sources */,
				0BE18A5129827E7500934925 /* AddRebornViewController.swift in Sources */,
				0BE18A5429827E7500934925 /* StoreModalViewController.swift in Sources */,
				0BE18A5A29827E7500934925 /* PersonalHomeViewController.swift in Sources */,
				0B70032A29855A6D0003E8CE /* InterestViewController.swift in Sources */,
				0BE18A4729827E7500934925 /* FirstLoginViewController.swift in Sources */,
				0BE37FDF298591F100721F19 /* FirstViewController.swift in Sources */,
				0BE18A6729827E7500934925 /* NewShopViewController.swift in Sources */,
				0BE18A5229827E7500934925 /* EditStoreViewController.swift in Sources */,
				0BE18A6129827E7500934925 /* RebornHistoryViewController.swift in Sources */,
				0BE18A6A29827E7500934925 /* PopularCafeViewController.swift in Sources */,
			);
			runOnlyForDeploymentPostprocessing = 0;
		};
/* End PBXSourcesBuildPhase section */

/* Begin PBXVariantGroup section */
		0BE18A2929827E7500934925 /* LaunchScreen.storyboard */ = {
			isa = PBXVariantGroup;
			children = (
				0BE18A2A29827E7500934925 /* Base */,
			);
			name = LaunchScreen.storyboard;
			sourceTree = "<group>";
		};
		0BE18A2B29827E7500934925 /* Main.storyboard */ = {
			isa = PBXVariantGroup;
			children = (
				0BE18A2C29827E7500934925 /* Base */,
			);
			name = Main.storyboard;
			sourceTree = "<group>";
		};
/* End PBXVariantGroup section */

/* Begin XCBuildConfiguration section */
		C7C4FD83296D315E00040E05 /* Debug */ = {
			isa = XCBuildConfiguration;
			buildSettings = {
				ALWAYS_SEARCH_USER_PATHS = NO;
				CLANG_ANALYZER_NONNULL = YES;
				CLANG_ANALYZER_NUMBER_OBJECT_CONVERSION = YES_AGGRESSIVE;
				CLANG_CXX_LANGUAGE_STANDARD = "gnu++20";
				CLANG_ENABLE_MODULES = YES;
				CLANG_ENABLE_OBJC_ARC = YES;
				CLANG_ENABLE_OBJC_WEAK = YES;
				CLANG_WARN_BLOCK_CAPTURE_AUTORELEASING = YES;
				CLANG_WARN_BOOL_CONVERSION = YES;
				CLANG_WARN_COMMA = YES;
				CLANG_WARN_CONSTANT_CONVERSION = YES;
				CLANG_WARN_DEPRECATED_OBJC_IMPLEMENTATIONS = YES;
				CLANG_WARN_DIRECT_OBJC_ISA_USAGE = YES_ERROR;
				CLANG_WARN_DOCUMENTATION_COMMENTS = YES;
				CLANG_WARN_EMPTY_BODY = YES;
				CLANG_WARN_ENUM_CONVERSION = YES;
				CLANG_WARN_INFINITE_RECURSION = YES;
				CLANG_WARN_INT_CONVERSION = YES;
				CLANG_WARN_NON_LITERAL_NULL_CONVERSION = YES;
				CLANG_WARN_OBJC_IMPLICIT_RETAIN_SELF = YES;
				CLANG_WARN_OBJC_LITERAL_CONVERSION = YES;
				CLANG_WARN_OBJC_ROOT_CLASS = YES_ERROR;
				CLANG_WARN_QUOTED_INCLUDE_IN_FRAMEWORK_HEADER = YES;
				CLANG_WARN_RANGE_LOOP_ANALYSIS = YES;
				CLANG_WARN_STRICT_PROTOTYPES = YES;
				CLANG_WARN_SUSPICIOUS_MOVE = YES;
				CLANG_WARN_UNGUARDED_AVAILABILITY = YES_AGGRESSIVE;
				CLANG_WARN_UNREACHABLE_CODE = YES;
				CLANG_WARN__DUPLICATE_METHOD_MATCH = YES;
				COPY_PHASE_STRIP = NO;
				DEBUG_INFORMATION_FORMAT = dwarf;
				ENABLE_STRICT_OBJC_MSGSEND = YES;
				ENABLE_TESTABILITY = YES;
				GCC_C_LANGUAGE_STANDARD = gnu11;
				GCC_DYNAMIC_NO_PIC = NO;
				GCC_NO_COMMON_BLOCKS = YES;
				GCC_OPTIMIZATION_LEVEL = 0;
				GCC_PREPROCESSOR_DEFINITIONS = (
					"DEBUG=1",
					"$(inherited)",
				);
				GCC_WARN_64_TO_32_BIT_CONVERSION = YES;
				GCC_WARN_ABOUT_RETURN_TYPE = YES_ERROR;
				GCC_WARN_UNDECLARED_SELECTOR = YES;
				GCC_WARN_UNINITIALIZED_AUTOS = YES_AGGRESSIVE;
				GCC_WARN_UNUSED_FUNCTION = YES;
				GCC_WARN_UNUSED_VARIABLE = YES;
				IPHONEOS_DEPLOYMENT_TARGET = 16.2;
				MTL_ENABLE_DEBUG_INFO = INCLUDE_SOURCE;
				MTL_FAST_MATH = YES;
				ONLY_ACTIVE_ARCH = YES;
				SDKROOT = iphoneos;
				SWIFT_ACTIVE_COMPILATION_CONDITIONS = DEBUG;
				SWIFT_OPTIMIZATION_LEVEL = "-Onone";
			};
			name = Debug;
		};
		C7C4FD84296D315E00040E05 /* Release */ = {
			isa = XCBuildConfiguration;
			buildSettings = {
				ALWAYS_SEARCH_USER_PATHS = NO;
				CLANG_ANALYZER_NONNULL = YES;
				CLANG_ANALYZER_NUMBER_OBJECT_CONVERSION = YES_AGGRESSIVE;
				CLANG_CXX_LANGUAGE_STANDARD = "gnu++20";
				CLANG_ENABLE_MODULES = YES;
				CLANG_ENABLE_OBJC_ARC = YES;
				CLANG_ENABLE_OBJC_WEAK = YES;
				CLANG_WARN_BLOCK_CAPTURE_AUTORELEASING = YES;
				CLANG_WARN_BOOL_CONVERSION = YES;
				CLANG_WARN_COMMA = YES;
				CLANG_WARN_CONSTANT_CONVERSION = YES;
				CLANG_WARN_DEPRECATED_OBJC_IMPLEMENTATIONS = YES;
				CLANG_WARN_DIRECT_OBJC_ISA_USAGE = YES_ERROR;
				CLANG_WARN_DOCUMENTATION_COMMENTS = YES;
				CLANG_WARN_EMPTY_BODY = YES;
				CLANG_WARN_ENUM_CONVERSION = YES;
				CLANG_WARN_INFINITE_RECURSION = YES;
				CLANG_WARN_INT_CONVERSION = YES;
				CLANG_WARN_NON_LITERAL_NULL_CONVERSION = YES;
				CLANG_WARN_OBJC_IMPLICIT_RETAIN_SELF = YES;
				CLANG_WARN_OBJC_LITERAL_CONVERSION = YES;
				CLANG_WARN_OBJC_ROOT_CLASS = YES_ERROR;
				CLANG_WARN_QUOTED_INCLUDE_IN_FRAMEWORK_HEADER = YES;
				CLANG_WARN_RANGE_LOOP_ANALYSIS = YES;
				CLANG_WARN_STRICT_PROTOTYPES = YES;
				CLANG_WARN_SUSPICIOUS_MOVE = YES;
				CLANG_WARN_UNGUARDED_AVAILABILITY = YES_AGGRESSIVE;
				CLANG_WARN_UNREACHABLE_CODE = YES;
				CLANG_WARN__DUPLICATE_METHOD_MATCH = YES;
				COPY_PHASE_STRIP = NO;
				DEBUG_INFORMATION_FORMAT = "dwarf-with-dsym";
				ENABLE_NS_ASSERTIONS = NO;
				ENABLE_STRICT_OBJC_MSGSEND = YES;
				GCC_C_LANGUAGE_STANDARD = gnu11;
				GCC_NO_COMMON_BLOCKS = YES;
				GCC_WARN_64_TO_32_BIT_CONVERSION = YES;
				GCC_WARN_ABOUT_RETURN_TYPE = YES_ERROR;
				GCC_WARN_UNDECLARED_SELECTOR = YES;
				GCC_WARN_UNINITIALIZED_AUTOS = YES_AGGRESSIVE;
				GCC_WARN_UNUSED_FUNCTION = YES;
				GCC_WARN_UNUSED_VARIABLE = YES;
				IPHONEOS_DEPLOYMENT_TARGET = 16.2;
				MTL_ENABLE_DEBUG_INFO = NO;
				MTL_FAST_MATH = YES;
				SDKROOT = iphoneos;
				SWIFT_COMPILATION_MODE = wholemodule;
				SWIFT_OPTIMIZATION_LEVEL = "-O";
				VALIDATE_PRODUCT = YES;
			};
			name = Release;
		};
		C7C4FD86296D315E00040E05 /* Debug */ = {
			isa = XCBuildConfiguration;
			baseConfigurationReference = 20695CA204D5535133317C3B /* Pods-UMC-Reborn.debug.xcconfig */;
			buildSettings = {
				ASSETCATALOG_COMPILER_APPICON_NAME = AppIcon;
				ASSETCATALOG_COMPILER_GLOBAL_ACCENT_COLOR_NAME = AccentColor;
				CODE_SIGN_STYLE = Automatic;
				CURRENT_PROJECT_VERSION = 1;
				DEVELOPMENT_TEAM = "";
				GENERATE_INFOPLIST_FILE = YES;
				INFOPLIST_FILE = "UMC-Reborn/UMC-Reborn/Info.plist";
				INFOPLIST_KEY_UIApplicationSupportsIndirectInputEvents = YES;
				INFOPLIST_KEY_UILaunchStoryboardName = LaunchScreen;
				INFOPLIST_KEY_UIMainStoryboardFile = StoreTab;
				INFOPLIST_KEY_UISupportedInterfaceOrientations_iPad = "UIInterfaceOrientationPortrait UIInterfaceOrientationPortraitUpsideDown UIInterfaceOrientationLandscapeLeft UIInterfaceOrientationLandscapeRight";
				INFOPLIST_KEY_UISupportedInterfaceOrientations_iPhone = "UIInterfaceOrientationPortrait UIInterfaceOrientationLandscapeLeft UIInterfaceOrientationLandscapeRight";
				IPHONEOS_DEPLOYMENT_TARGET = 16.0;
				LD_RUNPATH_SEARCH_PATHS = (
					"$(inherited)",
					"@executable_path/Frameworks",
				);
				MARKETING_VERSION = 1.0;
				PRODUCT_BUNDLE_IDENTIFIER = "com.JKPARK.UMC-Reborn";
				PRODUCT_NAME = "$(TARGET_NAME)";
				SWIFT_EMIT_LOC_STRINGS = YES;
				SWIFT_VERSION = 5.0;
				TARGETED_DEVICE_FAMILY = "1,2";
			};
			name = Debug;
		};
		C7C4FD87296D315E00040E05 /* Release */ = {
			isa = XCBuildConfiguration;
			baseConfigurationReference = 0F6EF8032D9E3685D5618366 /* Pods-UMC-Reborn.release.xcconfig */;
			buildSettings = {
				ASSETCATALOG_COMPILER_APPICON_NAME = AppIcon;
				ASSETCATALOG_COMPILER_GLOBAL_ACCENT_COLOR_NAME = AccentColor;
				CODE_SIGN_STYLE = Automatic;
				CURRENT_PROJECT_VERSION = 1;
				DEVELOPMENT_TEAM = "";
				GENERATE_INFOPLIST_FILE = YES;
				INFOPLIST_FILE = "UMC-Reborn/UMC-Reborn/Info.plist";
				INFOPLIST_KEY_UIApplicationSupportsIndirectInputEvents = YES;
				INFOPLIST_KEY_UILaunchStoryboardName = LaunchScreen;
				INFOPLIST_KEY_UIMainStoryboardFile = StoreTab;
				INFOPLIST_KEY_UISupportedInterfaceOrientations_iPad = "UIInterfaceOrientationPortrait UIInterfaceOrientationPortraitUpsideDown UIInterfaceOrientationLandscapeLeft UIInterfaceOrientationLandscapeRight";
				INFOPLIST_KEY_UISupportedInterfaceOrientations_iPhone = "UIInterfaceOrientationPortrait UIInterfaceOrientationLandscapeLeft UIInterfaceOrientationLandscapeRight";
				IPHONEOS_DEPLOYMENT_TARGET = 16.0;
				LD_RUNPATH_SEARCH_PATHS = (
					"$(inherited)",
					"@executable_path/Frameworks",
				);
				MARKETING_VERSION = 1.0;
				PRODUCT_BUNDLE_IDENTIFIER = "com.JKPARK.UMC-Reborn";
				PRODUCT_NAME = "$(TARGET_NAME)";
				SWIFT_EMIT_LOC_STRINGS = YES;
				SWIFT_VERSION = 5.0;
				TARGETED_DEVICE_FAMILY = "1,2";
			};
			name = Release;
		};
/* End XCBuildConfiguration section */

/* Begin XCConfigurationList section */
		C7C4FD6C296D315B00040E05 /* Build configuration list for PBXProject "UMC-Reborn" */ = {
			isa = XCConfigurationList;
			buildConfigurations = (
				C7C4FD83296D315E00040E05 /* Debug */,
				C7C4FD84296D315E00040E05 /* Release */,
			);
			defaultConfigurationIsVisible = 0;
			defaultConfigurationName = Release;
		};
		C7C4FD85296D315E00040E05 /* Build configuration list for PBXNativeTarget "UMC-Reborn" */ = {
			isa = XCConfigurationList;
			buildConfigurations = (
				C7C4FD86296D315E00040E05 /* Debug */,
				C7C4FD87296D315E00040E05 /* Release */,
			);
			defaultConfigurationIsVisible = 0;
			defaultConfigurationName = Release;
		};
/* End XCConfigurationList section */
	};
	rootObject = C7C4FD69296D315B00040E05 /* Project object */;
}
