// !$*UTF8*$!
{
	archiveVersion = 1;
	classes = {
	};
	objectVersion = 56;
	objects = {

/* Begin PBXBuildFile section */
		2F1B30C429758EC5001A7284 /* MyRebornCell.swift in Sources */ = {isa = PBXBuildFile; fileRef = 2F1B30C329758EC5001A7284 /* MyRebornCell.swift */; };
		2F3150512982677F0088DD46 /* ReviewImageCollectionViewCell.swift in Sources */ = {isa = PBXBuildFile; fileRef = 2F3150502982677F0088DD46 /* ReviewImageCollectionViewCell.swift */; };
		2F315053298276E90088DD46 /* RebornHistoryTableViewCell.swift in Sources */ = {isa = PBXBuildFile; fileRef = 2F315052298276E90088DD46 /* RebornHistoryTableViewCell.swift */; };
		2F62AE87297EA0C0008907B2 /* WriteReviewViewController.swift in Sources */ = {isa = PBXBuildFile; fileRef = 2F62AE86297EA0C0008907B2 /* WriteReviewViewController.swift */; };
		2F7010EE2975845200E09DD9 /* MyRebornViewController.swift in Sources */ = {isa = PBXBuildFile; fileRef = 2F7010ED2975845200E09DD9 /* MyRebornViewController.swift */; };
		2F7010F0297586C100E09DD9 /* MyReborn.storyboard in Resources */ = {isa = PBXBuildFile; fileRef = 2F7010EF297586C100E09DD9 /* MyReborn.storyboard */; };
		2FB4A6A62977A46F00CA811C /* EditUserProfileViewController.swift in Sources */ = {isa = PBXBuildFile; fileRef = 2FB4A6A52977A46F00CA811C /* EditUserProfileViewController.swift */; };
		2FB4A6A82977A5D900CA811C /* RebornHistoryViewController.swift in Sources */ = {isa = PBXBuildFile; fileRef = 2FB4A6A72977A5D900CA811C /* RebornHistoryViewController.swift */; };
		2FB4A6AC2977A66000CA811C /* ReviewManageViewController.swift in Sources */ = {isa = PBXBuildFile; fileRef = 2FB4A6AB2977A66000CA811C /* ReviewManageViewController.swift */; };
		952CB296296E813400BD7CD7 /* PersonalTab.storyboard in Resources */ = {isa = PBXBuildFile; fileRef = 952CB295296E813300BD7CD7 /* PersonalTab.storyboard */; };
		952CB298296EB2CA00BD7CD7 /* Personal_Home.storyboard in Resources */ = {isa = PBXBuildFile; fileRef = 952CB297296EB2CA00BD7CD7 /* Personal_Home.storyboard */; };
		952CB29A296EB51600BD7CD7 /* PersonalHomeViewController.swift in Sources */ = {isa = PBXBuildFile; fileRef = 952CB299296EB51600BD7CD7 /* PersonalHomeViewController.swift */; };
		952CB29D2977557500BD7CD7 /* RecruitedRebronViewController.swift in Sources */ = {isa = PBXBuildFile; fileRef = 952CB29C2977557500BD7CD7 /* RecruitedRebronViewController.swift */; };
		952CB29F2977566B00BD7CD7 /* BestReviewViewController.swift in Sources */ = {isa = PBXBuildFile; fileRef = 952CB29E2977566B00BD7CD7 /* BestReviewViewController.swift */; };
		952CB2A12977569C00BD7CD7 /* NewShopViewController.swift in Sources */ = {isa = PBXBuildFile; fileRef = 952CB2A02977569C00BD7CD7 /* NewShopViewController.swift */; };
		952CB2A329775CBC00BD7CD7 /* PopularShopViewController.swift in Sources */ = {isa = PBXBuildFile; fileRef = 952CB2A229775CBC00BD7CD7 /* PopularShopViewController.swift */; };
		952CB2A5297768D200BD7CD7 /* PopularSideDishViewController.swift in Sources */ = {isa = PBXBuildFile; fileRef = 952CB2A4297768D200BD7CD7 /* PopularSideDishViewController.swift */; };
		952CB2A72977691100BD7CD7 /* PopularCafeViewController.swift in Sources */ = {isa = PBXBuildFile; fileRef = 952CB2A62977691100BD7CD7 /* PopularCafeViewController.swift */; };
		C74FEE1A297177BF00BFC8D0 /* StoreTab.storyboard in Resources */ = {isa = PBXBuildFile; fileRef = C74FEE19297177BF00BFC8D0 /* StoreTab.storyboard */; };
		C74FEE3C29717AE300BFC8D0 /* StoreTabBarController.swift in Sources */ = {isa = PBXBuildFile; fileRef = C74FEE3B29717AE300BFC8D0 /* StoreTabBarController.swift */; };
		C74FEE3E29717B6F00BFC8D0 /* StoreMainViewController.swift in Sources */ = {isa = PBXBuildFile; fileRef = C74FEE3D29717B6F00BFC8D0 /* StoreMainViewController.swift */; };
		C74FEE442971893300BFC8D0 /* RebornEnrollViewController.swift in Sources */ = {isa = PBXBuildFile; fileRef = C74FEE432971893300BFC8D0 /* RebornEnrollViewController.swift */; };
		C74FEE4629718B7C00BFC8D0 /* AddRebornViewController.swift in Sources */ = {isa = PBXBuildFile; fileRef = C74FEE4529718B7C00BFC8D0 /* AddRebornViewController.swift */; };
		C74FEE48297199FE00BFC8D0 /* StoreManageViewController.swift in Sources */ = {isa = PBXBuildFile; fileRef = C74FEE47297199FE00BFC8D0 /* StoreManageViewController.swift */; };
		C74FEE4A2971B40800BFC8D0 /* EditStoreViewController.swift in Sources */ = {isa = PBXBuildFile; fileRef = C74FEE492971B40800BFC8D0 /* EditStoreViewController.swift */; };
		C7C4FD75296D315B00040E05 /* AppDelegate.swift in Sources */ = {isa = PBXBuildFile; fileRef = C7C4FD74296D315B00040E05 /* AppDelegate.swift */; };
		C7C4FD77296D315B00040E05 /* SceneDelegate.swift in Sources */ = {isa = PBXBuildFile; fileRef = C7C4FD76296D315B00040E05 /* SceneDelegate.swift */; };
		C7C4FD79296D315B00040E05 /* ViewController.swift in Sources */ = {isa = PBXBuildFile; fileRef = C7C4FD78296D315B00040E05 /* ViewController.swift */; };
		C7C4FD7C296D315B00040E05 /* Main.storyboard in Resources */ = {isa = PBXBuildFile; fileRef = C7C4FD7A296D315B00040E05 /* Main.storyboard */; };
		C7C4FD7E296D315E00040E05 /* Assets.xcassets in Resources */ = {isa = PBXBuildFile; fileRef = C7C4FD7D296D315E00040E05 /* Assets.xcassets */; };
		C7C4FD81296D315E00040E05 /* LaunchScreen.storyboard in Resources */ = {isa = PBXBuildFile; fileRef = C7C4FD7F296D315E00040E05 /* LaunchScreen.storyboard */; };
		C7D56FAA2972BC5600A68015 /* PopupViewController.swift in Sources */ = {isa = PBXBuildFile; fileRef = C7D56FA92972BC5600A68015 /* PopupViewController.swift */; };
		C7DCE53C29727AA900F44F1D /* EnrollTableViewCell.swift in Sources */ = {isa = PBXBuildFile; fileRef = C7DCE53B29727AA900F44F1D /* EnrollTableViewCell.swift */; };
		C7DCE54029728D6000F44F1D /* StoreModalViewController.swift in Sources */ = {isa = PBXBuildFile; fileRef = C7DCE53F29728D6000F44F1D /* StoreModalViewController.swift */; };
		C7DCE5422972916400F44F1D /* StoreMainTableViewCell.swift in Sources */ = {isa = PBXBuildFile; fileRef = C7DCE5412972916400F44F1D /* StoreMainTableViewCell.swift */; };
		C7DCE5442972936A00F44F1D /* EditRebornViewController.swift in Sources */ = {isa = PBXBuildFile; fileRef = C7DCE5432972936A00F44F1D /* EditRebornViewController.swift */; };
		F54958F376ED96265363C1F8 /* Pods_UMC_Reborn.framework in Frameworks */ = {isa = PBXBuildFile; fileRef = EB1D96CEC8F954642A95C41C /* Pods_UMC_Reborn.framework */; };
/* End PBXBuildFile section */

/* Begin PBXFileReference section */
		0F6EF8032D9E3685D5618366 /* Pods-UMC-Reborn.release.xcconfig */ = {isa = PBXFileReference; includeInIndex = 1; lastKnownFileType = text.xcconfig; name = "Pods-UMC-Reborn.release.xcconfig"; path = "Target Support Files/Pods-UMC-Reborn/Pods-UMC-Reborn.release.xcconfig"; sourceTree = "<group>"; };
		20695CA204D5535133317C3B /* Pods-UMC-Reborn.debug.xcconfig */ = {isa = PBXFileReference; includeInIndex = 1; lastKnownFileType = text.xcconfig; name = "Pods-UMC-Reborn.debug.xcconfig"; path = "Target Support Files/Pods-UMC-Reborn/Pods-UMC-Reborn.debug.xcconfig"; sourceTree = "<group>"; };
		2F1B30C329758EC5001A7284 /* MyRebornCell.swift */ = {isa = PBXFileReference; lastKnownFileType = sourcecode.swift; path = MyRebornCell.swift; sourceTree = "<group>"; };
		2F3150502982677F0088DD46 /* ReviewImageCollectionViewCell.swift */ = {isa = PBXFileReference; lastKnownFileType = sourcecode.swift; path = ReviewImageCollectionViewCell.swift; sourceTree = "<group>"; };
		2F315052298276E90088DD46 /* RebornHistoryTableViewCell.swift */ = {isa = PBXFileReference; lastKnownFileType = sourcecode.swift; path = RebornHistoryTableViewCell.swift; sourceTree = "<group>"; };
		2F62AE86297EA0C0008907B2 /* WriteReviewViewController.swift */ = {isa = PBXFileReference; lastKnownFileType = sourcecode.swift; path = WriteReviewViewController.swift; sourceTree = "<group>"; };
		2F7010ED2975845200E09DD9 /* MyRebornViewController.swift */ = {isa = PBXFileReference; lastKnownFileType = sourcecode.swift; path = MyRebornViewController.swift; sourceTree = "<group>"; };
		2F7010EF297586C100E09DD9 /* MyReborn.storyboard */ = {isa = PBXFileReference; lastKnownFileType = file.storyboard; path = MyReborn.storyboard; sourceTree = "<group>"; };
		2FB4A6A52977A46F00CA811C /* EditUserProfileViewController.swift */ = {isa = PBXFileReference; lastKnownFileType = sourcecode.swift; path = EditUserProfileViewController.swift; sourceTree = "<group>"; };
		2FB4A6A72977A5D900CA811C /* RebornHistoryViewController.swift */ = {isa = PBXFileReference; lastKnownFileType = sourcecode.swift; path = RebornHistoryViewController.swift; sourceTree = "<group>"; };
		2FB4A6AB2977A66000CA811C /* ReviewManageViewController.swift */ = {isa = PBXFileReference; lastKnownFileType = sourcecode.swift; path = ReviewManageViewController.swift; sourceTree = "<group>"; };
		952CB295296E813300BD7CD7 /* PersonalTab.storyboard */ = {isa = PBXFileReference; lastKnownFileType = file.storyboard; path = PersonalTab.storyboard; sourceTree = "<group>"; };
		952CB297296EB2CA00BD7CD7 /* Personal_Home.storyboard */ = {isa = PBXFileReference; lastKnownFileType = file.storyboard; path = Personal_Home.storyboard; sourceTree = "<group>"; };
		952CB299296EB51600BD7CD7 /* PersonalHomeViewController.swift */ = {isa = PBXFileReference; lastKnownFileType = sourcecode.swift; path = PersonalHomeViewController.swift; sourceTree = "<group>"; };
		952CB29C2977557500BD7CD7 /* RecruitedRebronViewController.swift */ = {isa = PBXFileReference; lastKnownFileType = sourcecode.swift; path = RecruitedRebronViewController.swift; sourceTree = "<group>"; };
		952CB29E2977566B00BD7CD7 /* BestReviewViewController.swift */ = {isa = PBXFileReference; lastKnownFileType = sourcecode.swift; path = BestReviewViewController.swift; sourceTree = "<group>"; };
		952CB2A02977569C00BD7CD7 /* NewShopViewController.swift */ = {isa = PBXFileReference; lastKnownFileType = sourcecode.swift; path = NewShopViewController.swift; sourceTree = "<group>"; };
		952CB2A229775CBC00BD7CD7 /* PopularShopViewController.swift */ = {isa = PBXFileReference; lastKnownFileType = sourcecode.swift; path = PopularShopViewController.swift; sourceTree = "<group>"; };
		952CB2A4297768D200BD7CD7 /* PopularSideDishViewController.swift */ = {isa = PBXFileReference; lastKnownFileType = sourcecode.swift; path = PopularSideDishViewController.swift; sourceTree = "<group>"; };
		952CB2A62977691100BD7CD7 /* PopularCafeViewController.swift */ = {isa = PBXFileReference; lastKnownFileType = sourcecode.swift; path = PopularCafeViewController.swift; sourceTree = "<group>"; };
		C74FEE19297177BF00BFC8D0 /* StoreTab.storyboard */ = {isa = PBXFileReference; lastKnownFileType = file.storyboard; path = StoreTab.storyboard; sourceTree = "<group>"; };
		C74FEE3B29717AE300BFC8D0 /* StoreTabBarController.swift */ = {isa = PBXFileReference; lastKnownFileType = sourcecode.swift; path = StoreTabBarController.swift; sourceTree = "<group>"; };
		C74FEE3D29717B6F00BFC8D0 /* StoreMainViewController.swift */ = {isa = PBXFileReference; lastKnownFileType = sourcecode.swift; path = StoreMainViewController.swift; sourceTree = "<group>"; };
		C74FEE432971893300BFC8D0 /* RebornEnrollViewController.swift */ = {isa = PBXFileReference; lastKnownFileType = sourcecode.swift; path = RebornEnrollViewController.swift; sourceTree = "<group>"; };
		C74FEE4529718B7C00BFC8D0 /* AddRebornViewController.swift */ = {isa = PBXFileReference; lastKnownFileType = sourcecode.swift; path = AddRebornViewController.swift; sourceTree = "<group>"; };
		C74FEE47297199FE00BFC8D0 /* StoreManageViewController.swift */ = {isa = PBXFileReference; lastKnownFileType = sourcecode.swift; path = StoreManageViewController.swift; sourceTree = "<group>"; };
		C74FEE492971B40800BFC8D0 /* EditStoreViewController.swift */ = {isa = PBXFileReference; lastKnownFileType = sourcecode.swift; path = EditStoreViewController.swift; sourceTree = "<group>"; };
		C7C4FD71296D315B00040E05 /* UMC-Reborn.app */ = {isa = PBXFileReference; explicitFileType = wrapper.application; includeInIndex = 0; path = "UMC-Reborn.app"; sourceTree = BUILT_PRODUCTS_DIR; };
		C7C4FD74296D315B00040E05 /* AppDelegate.swift */ = {isa = PBXFileReference; lastKnownFileType = sourcecode.swift; path = AppDelegate.swift; sourceTree = "<group>"; };
		C7C4FD76296D315B00040E05 /* SceneDelegate.swift */ = {isa = PBXFileReference; lastKnownFileType = sourcecode.swift; path = SceneDelegate.swift; sourceTree = "<group>"; };
		C7C4FD78296D315B00040E05 /* ViewController.swift */ = {isa = PBXFileReference; lastKnownFileType = sourcecode.swift; path = ViewController.swift; sourceTree = "<group>"; };
		C7C4FD7B296D315B00040E05 /* Base */ = {isa = PBXFileReference; lastKnownFileType = file.storyboard; name = Base; path = Base.lproj/Main.storyboard; sourceTree = "<group>"; };
		C7C4FD7D296D315E00040E05 /* Assets.xcassets */ = {isa = PBXFileReference; lastKnownFileType = folder.assetcatalog; path = Assets.xcassets; sourceTree = "<group>"; };
		C7C4FD80296D315E00040E05 /* Base */ = {isa = PBXFileReference; lastKnownFileType = file.storyboard; name = Base; path = Base.lproj/LaunchScreen.storyboard; sourceTree = "<group>"; };
		C7C4FD82296D315E00040E05 /* Info.plist */ = {isa = PBXFileReference; lastKnownFileType = text.plist.xml; path = Info.plist; sourceTree = "<group>"; };
		C7D56FA92972BC5600A68015 /* PopupViewController.swift */ = {isa = PBXFileReference; lastKnownFileType = sourcecode.swift; path = PopupViewController.swift; sourceTree = "<group>"; };
		C7DCE53B29727AA900F44F1D /* EnrollTableViewCell.swift */ = {isa = PBXFileReference; lastKnownFileType = sourcecode.swift; path = EnrollTableViewCell.swift; sourceTree = "<group>"; };
		C7DCE53F29728D6000F44F1D /* StoreModalViewController.swift */ = {isa = PBXFileReference; lastKnownFileType = sourcecode.swift; path = StoreModalViewController.swift; sourceTree = "<group>"; };
		C7DCE5412972916400F44F1D /* StoreMainTableViewCell.swift */ = {isa = PBXFileReference; lastKnownFileType = sourcecode.swift; path = StoreMainTableViewCell.swift; sourceTree = "<group>"; };
		C7DCE5432972936A00F44F1D /* EditRebornViewController.swift */ = {isa = PBXFileReference; lastKnownFileType = sourcecode.swift; path = EditRebornViewController.swift; sourceTree = "<group>"; };
		EB1D96CEC8F954642A95C41C /* Pods_UMC_Reborn.framework */ = {isa = PBXFileReference; explicitFileType = wrapper.framework; includeInIndex = 0; path = Pods_UMC_Reborn.framework; sourceTree = BUILT_PRODUCTS_DIR; };
/* End PBXFileReference section */

/* Begin PBXFrameworksBuildPhase section */
		C7C4FD6E296D315B00040E05 /* Frameworks */ = {
			isa = PBXFrameworksBuildPhase;
			buildActionMask = 2147483647;
			files = (
				F54958F376ED96265363C1F8 /* Pods_UMC_Reborn.framework in Frameworks */,
			);
			runOnlyForDeploymentPostprocessing = 0;
		};
/* End PBXFrameworksBuildPhase section */

/* Begin PBXGroup section */
		2FB4A6A229779E2000CA811C /* MyReborn */ = {
			isa = PBXGroup;
			children = (
				2F62AE86297EA0C0008907B2 /* WriteReviewViewController.swift */,
				2F3150502982677F0088DD46 /* ReviewImageCollectionViewCell.swift */,
				2F7010EF297586C100E09DD9 /* MyReborn.storyboard */,
				2FB4A6A52977A46F00CA811C /* EditUserProfileViewController.swift */,
				2FB4A6A72977A5D900CA811C /* RebornHistoryViewController.swift */,
				2FB4A6AB2977A66000CA811C /* ReviewManageViewController.swift */,
				2F7010ED2975845200E09DD9 /* MyRebornViewController.swift */,
				2F1B30C329758EC5001A7284 /* MyRebornCell.swift */,
				2F315052298276E90088DD46 /* RebornHistoryTableViewCell.swift */,
			);
			path = MyReborn;
			sourceTree = "<group>";
		};
		77AD8D9494DCB96CF5BB6F9D /* Frameworks */ = {
			isa = PBXGroup;
			children = (
				EB1D96CEC8F954642A95C41C /* Pods_UMC_Reborn.framework */,
			);
			name = Frameworks;
			sourceTree = "<group>";
		};
		952CB29B297754E100BD7CD7 /* PersonalHome */ = {
			isa = PBXGroup;
			children = (
				952CB2A4297768D200BD7CD7 /* PopularSideDishViewController.swift */,
				952CB2A62977691100BD7CD7 /* PopularCafeViewController.swift */,
				952CB29C2977557500BD7CD7 /* RecruitedRebronViewController.swift */,
				952CB29E2977566B00BD7CD7 /* BestReviewViewController.swift */,
				952CB2A02977569C00BD7CD7 /* NewShopViewController.swift */,
				952CB2A229775CBC00BD7CD7 /* PopularShopViewController.swift */,
			);
			path = PersonalHome;
			sourceTree = "<group>";
		};
		C74FEE1C2971782C00BFC8D0 /* StoreHomeViewController */ = {
			isa = PBXGroup;
			children = (
				C74FEE3B29717AE300BFC8D0 /* StoreTabBarController.swift */,
				C74FEE3D29717B6F00BFC8D0 /* StoreMainViewController.swift */,
				C74FEE432971893300BFC8D0 /* RebornEnrollViewController.swift */,
				C74FEE4529718B7C00BFC8D0 /* AddRebornViewController.swift */,
				C74FEE47297199FE00BFC8D0 /* StoreManageViewController.swift */,
				C74FEE492971B40800BFC8D0 /* EditStoreViewController.swift */,
				C7DCE53B29727AA900F44F1D /* EnrollTableViewCell.swift */,
				C7DCE53F29728D6000F44F1D /* StoreModalViewController.swift */,
				C7DCE5412972916400F44F1D /* StoreMainTableViewCell.swift */,
				C7DCE5432972936A00F44F1D /* EditRebornViewController.swift */,
				C7D56FA92972BC5600A68015 /* PopupViewController.swift */,
			);
			path = StoreHomeViewController;
			sourceTree = "<group>";
		};
		C7C4FD68296D315B00040E05 = {
			isa = PBXGroup;
			children = (
				C7C4FD73296D315B00040E05 /* UMC-Reborn */,
				C7C4FD72296D315B00040E05 /* Products */,
				D04DEAD214F0B35E09E08104 /* Pods */,
				77AD8D9494DCB96CF5BB6F9D /* Frameworks */,
			);
			sourceTree = "<group>";
		};
		C7C4FD72296D315B00040E05 /* Products */ = {
			isa = PBXGroup;
			children = (
				C7C4FD71296D315B00040E05 /* UMC-Reborn.app */,
			);
			name = Products;
			sourceTree = "<group>";
		};
		C7C4FD73296D315B00040E05 /* UMC-Reborn */ = {
			isa = PBXGroup;
			children = (
				2FB4A6A229779E2000CA811C /* MyReborn */,
				952CB29B297754E100BD7CD7 /* PersonalHome */,
				C74FEE1C2971782C00BFC8D0 /* StoreHomeViewController */,
				C7C4FD74296D315B00040E05 /* AppDelegate.swift */,
				C7C4FD76296D315B00040E05 /* SceneDelegate.swift */,
				C7C4FD78296D315B00040E05 /* ViewController.swift */,
				C7C4FD7A296D315B00040E05 /* Main.storyboard */,
				C7C4FD7D296D315E00040E05 /* Assets.xcassets */,
				C7C4FD7F296D315E00040E05 /* LaunchScreen.storyboard */,
				C7C4FD82296D315E00040E05 /* Info.plist */,
				952CB295296E813300BD7CD7 /* PersonalTab.storyboard */,
				952CB297296EB2CA00BD7CD7 /* Personal_Home.storyboard */,
				952CB299296EB51600BD7CD7 /* PersonalHomeViewController.swift */,
				C74FEE19297177BF00BFC8D0 /* StoreTab.storyboard */,
			);
			path = "UMC-Reborn";
			sourceTree = "<group>";
		};
		D04DEAD214F0B35E09E08104 /* Pods */ = {
			isa = PBXGroup;
			children = (
				20695CA204D5535133317C3B /* Pods-UMC-Reborn.debug.xcconfig */,
				0F6EF8032D9E3685D5618366 /* Pods-UMC-Reborn.release.xcconfig */,
			);
			path = Pods;
			sourceTree = "<group>";
		};
/* End PBXGroup section */

/* Begin PBXNativeTarget section */
		C7C4FD70296D315B00040E05 /* UMC-Reborn */ = {
			isa = PBXNativeTarget;
			buildConfigurationList = C7C4FD85296D315E00040E05 /* Build configuration list for PBXNativeTarget "UMC-Reborn" */;
			buildPhases = (
				6965A19F8B7A023819DAD2B1 /* [CP] Check Pods Manifest.lock */,
				C7C4FD6D296D315B00040E05 /* Sources */,
				C7C4FD6E296D315B00040E05 /* Frameworks */,
				C7C4FD6F296D315B00040E05 /* Resources */,
				F0535D8D29DFB2B70ECBF9CB /* [CP] Embed Pods Frameworks */,
			);
			buildRules = (
			);
			dependencies = (
			);
			name = "UMC-Reborn";
			productName = "UMC-Reborn";
			productReference = C7C4FD71296D315B00040E05 /* UMC-Reborn.app */;
			productType = "com.apple.product-type.application";
		};
/* End PBXNativeTarget section */

/* Begin PBXProject section */
		C7C4FD69296D315B00040E05 /* Project object */ = {
			isa = PBXProject;
			attributes = {
				BuildIndependentTargetsInParallel = 1;
				LastSwiftUpdateCheck = 1420;
				LastUpgradeCheck = 1420;
				TargetAttributes = {
					C7C4FD70296D315B00040E05 = {
						CreatedOnToolsVersion = 14.2;
					};
				};
			};
			buildConfigurationList = C7C4FD6C296D315B00040E05 /* Build configuration list for PBXProject "UMC-Reborn" */;
			compatibilityVersion = "Xcode 14.0";
			developmentRegion = en;
			hasScannedForEncodings = 0;
			knownRegions = (
				en,
				Base,
			);
			mainGroup = C7C4FD68296D315B00040E05;
			productRefGroup = C7C4FD72296D315B00040E05 /* Products */;
			projectDirPath = "";
			projectRoot = "";
			targets = (
				C7C4FD70296D315B00040E05 /* UMC-Reborn */,
			);
		};
/* End PBXProject section */

/* Begin PBXResourcesBuildPhase section */
		C7C4FD6F296D315B00040E05 /* Resources */ = {
			isa = PBXResourcesBuildPhase;
			buildActionMask = 2147483647;
			files = (
				952CB296296E813400BD7CD7 /* PersonalTab.storyboard in Resources */,
				952CB298296EB2CA00BD7CD7 /* Personal_Home.storyboard in Resources */,
				C7C4FD81296D315E00040E05 /* LaunchScreen.storyboard in Resources */,
				2F7010F0297586C100E09DD9 /* MyReborn.storyboard in Resources */,
				C7C4FD7E296D315E00040E05 /* Assets.xcassets in Resources */,
				C74FEE1A297177BF00BFC8D0 /* StoreTab.storyboard in Resources */,
				C7C4FD7C296D315B00040E05 /* Main.storyboard in Resources */,
			);
			runOnlyForDeploymentPostprocessing = 0;
		};
/* End PBXResourcesBuildPhase section */

/* Begin PBXShellScriptBuildPhase section */
		6965A19F8B7A023819DAD2B1 /* [CP] Check Pods Manifest.lock */ = {
			isa = PBXShellScriptBuildPhase;
			buildActionMask = 2147483647;
			files = (
			);
			inputFileListPaths = (
			);
			inputPaths = (
				"${PODS_PODFILE_DIR_PATH}/Podfile.lock",
				"${PODS_ROOT}/Manifest.lock",
			);
			name = "[CP] Check Pods Manifest.lock";
			outputFileListPaths = (
			);
			outputPaths = (
				"$(DERIVED_FILE_DIR)/Pods-UMC-Reborn-checkManifestLockResult.txt",
			);
			runOnlyForDeploymentPostprocessing = 0;
			shellPath = /bin/sh;
			shellScript = "diff \"${PODS_PODFILE_DIR_PATH}/Podfile.lock\" \"${PODS_ROOT}/Manifest.lock\" > /dev/null\nif [ $? != 0 ] ; then\n    # print error to STDERR\n    echo \"error: The sandbox is not in sync with the Podfile.lock. Run 'pod install' or update your CocoaPods installation.\" >&2\n    exit 1\nfi\n# This output is used by Xcode 'outputs' to avoid re-running this script phase.\necho \"SUCCESS\" > \"${SCRIPT_OUTPUT_FILE_0}\"\n";
			showEnvVarsInLog = 0;
		};
		F0535D8D29DFB2B70ECBF9CB /* [CP] Embed Pods Frameworks */ = {
			isa = PBXShellScriptBuildPhase;
			buildActionMask = 2147483647;
			files = (
			);
			inputFileListPaths = (
				"${PODS_ROOT}/Target Support Files/Pods-UMC-Reborn/Pods-UMC-Reborn-frameworks-${CONFIGURATION}-input-files.xcfilelist",
			);
			name = "[CP] Embed Pods Frameworks";
			outputFileListPaths = (
				"${PODS_ROOT}/Target Support Files/Pods-UMC-Reborn/Pods-UMC-Reborn-frameworks-${CONFIGURATION}-output-files.xcfilelist",
			);
			runOnlyForDeploymentPostprocessing = 0;
			shellPath = /bin/sh;
			shellScript = "\"${PODS_ROOT}/Target Support Files/Pods-UMC-Reborn/Pods-UMC-Reborn-frameworks.sh\"\n";
			showEnvVarsInLog = 0;
		};
/* End PBXShellScriptBuildPhase section */

/* Begin PBXSourcesBuildPhase section */
		C7C4FD6D296D315B00040E05 /* Sources */ = {
			isa = PBXSourcesBuildPhase;
			buildActionMask = 2147483647;
			files = (
				2F7010EE2975845200E09DD9 /* MyRebornViewController.swift in Sources */,
				C7C4FD79296D315B00040E05 /* ViewController.swift in Sources */,
				2FB4A6A62977A46F00CA811C /* EditUserProfileViewController.swift in Sources */,
				2FB4A6AC2977A66000CA811C /* ReviewManageViewController.swift in Sources */,
				C7C4FD75296D315B00040E05 /* AppDelegate.swift in Sources */,
				C7C4FD77296D315B00040E05 /* SceneDelegate.swift in Sources */,
				2F1B30C429758EC5001A7284 /* MyRebornCell.swift in Sources */,
				2FB4A6A82977A5D900CA811C /* RebornHistoryViewController.swift in Sources */,
				2F3150512982677F0088DD46 /* ReviewImageCollectionViewCell.swift in Sources */,
				C7DCE5442972936A00F44F1D /* EditRebornViewController.swift in Sources */,
				C7C4FD75296D315B00040E05 /* AppDelegate.swift in Sources */,
				952CB2A12977569C00BD7CD7 /* NewShopViewController.swift in Sources */,
				952CB2A72977691100BD7CD7 /* PopularCafeViewController.swift in Sources */,
				952CB29F2977566B00BD7CD7 /* BestReviewViewController.swift in Sources */,
				952CB29D2977557500BD7CD7 /* RecruitedRebronViewController.swift in Sources */,
				2F315053298276E90088DD46 /* RebornHistoryTableViewCell.swift in Sources */,
				952CB29A296EB51600BD7CD7 /* PersonalHomeViewController.swift in Sources */,
				952CB2A5297768D200BD7CD7 /* PopularSideDishViewController.swift in Sources */,
				952CB2A329775CBC00BD7CD7 /* PopularShopViewController.swift in Sources */,
				C7C4FD77296D315B00040E05 /* SceneDelegate.swift in Sources */,
				C74FEE3C29717AE300BFC8D0 /* StoreTabBarController.swift in Sources */,
				2F62AE87297EA0C0008907B2 /* WriteReviewViewController.swift in Sources */,
				C7DCE5422972916400F44F1D /* StoreMainTableViewCell.swift in Sources */,
				C7DCE54029728D6000F44F1D /* StoreModalViewController.swift in Sources */,
				C74FEE4A2971B40800BFC8D0 /* EditStoreViewController.swift in Sources */,
				C74FEE442971893300BFC8D0 /* RebornEnrollViewController.swift in Sources */,
				C74FEE3E29717B6F00BFC8D0 /* StoreMainViewController.swift in Sources */,
				C7DCE53C29727AA900F44F1D /* EnrollTableViewCell.swift in Sources */,
				C74FEE4629718B7C00BFC8D0 /* AddRebornViewController.swift in Sources */,
				C74FEE48297199FE00BFC8D0 /* StoreManageViewController.swift in Sources */,
				C7D56FAA2972BC5600A68015 /* PopupViewController.swift in Sources */,
			);
			runOnlyForDeploymentPostprocessing = 0;
		};
/* End PBXSourcesBuildPhase section */

/* Begin PBXVariantGroup section */
		C7C4FD7A296D315B00040E05 /* Main.storyboard */ = {
			isa = PBXVariantGroup;
			children = (
				C7C4FD7B296D315B00040E05 /* Base */,
			);
			name = Main.storyboard;
			sourceTree = "<group>";
		};
		C7C4FD7F296D315E00040E05 /* LaunchScreen.storyboard */ = {
			isa = PBXVariantGroup;
			children = (
				C7C4FD80296D315E00040E05 /* Base */,
			);
			name = LaunchScreen.storyboard;
			sourceTree = "<group>";
		};
/* End PBXVariantGroup section */

/* Begin XCBuildConfiguration section */
		C7C4FD83296D315E00040E05 /* Debug */ = {
			isa = XCBuildConfiguration;
			buildSettings = {
				ALWAYS_SEARCH_USER_PATHS = NO;
				CLANG_ANALYZER_NONNULL = YES;
				CLANG_ANALYZER_NUMBER_OBJECT_CONVERSION = YES_AGGRESSIVE;
				CLANG_CXX_LANGUAGE_STANDARD = "gnu++20";
				CLANG_ENABLE_MODULES = YES;
				CLANG_ENABLE_OBJC_ARC = YES;
				CLANG_ENABLE_OBJC_WEAK = YES;
				CLANG_WARN_BLOCK_CAPTURE_AUTORELEASING = YES;
				CLANG_WARN_BOOL_CONVERSION = YES;
				CLANG_WARN_COMMA = YES;
				CLANG_WARN_CONSTANT_CONVERSION = YES;
				CLANG_WARN_DEPRECATED_OBJC_IMPLEMENTATIONS = YES;
				CLANG_WARN_DIRECT_OBJC_ISA_USAGE = YES_ERROR;
				CLANG_WARN_DOCUMENTATION_COMMENTS = YES;
				CLANG_WARN_EMPTY_BODY = YES;
				CLANG_WARN_ENUM_CONVERSION = YES;
				CLANG_WARN_INFINITE_RECURSION = YES;
				CLANG_WARN_INT_CONVERSION = YES;
				CLANG_WARN_NON_LITERAL_NULL_CONVERSION = YES;
				CLANG_WARN_OBJC_IMPLICIT_RETAIN_SELF = YES;
				CLANG_WARN_OBJC_LITERAL_CONVERSION = YES;
				CLANG_WARN_OBJC_ROOT_CLASS = YES_ERROR;
				CLANG_WARN_QUOTED_INCLUDE_IN_FRAMEWORK_HEADER = YES;
				CLANG_WARN_RANGE_LOOP_ANALYSIS = YES;
				CLANG_WARN_STRICT_PROTOTYPES = YES;
				CLANG_WARN_SUSPICIOUS_MOVE = YES;
				CLANG_WARN_UNGUARDED_AVAILABILITY = YES_AGGRESSIVE;
				CLANG_WARN_UNREACHABLE_CODE = YES;
				CLANG_WARN__DUPLICATE_METHOD_MATCH = YES;
				COPY_PHASE_STRIP = NO;
				DEBUG_INFORMATION_FORMAT = dwarf;
				ENABLE_STRICT_OBJC_MSGSEND = YES;
				ENABLE_TESTABILITY = YES;
				GCC_C_LANGUAGE_STANDARD = gnu11;
				GCC_DYNAMIC_NO_PIC = NO;
				GCC_NO_COMMON_BLOCKS = YES;
				GCC_OPTIMIZATION_LEVEL = 0;
				GCC_PREPROCESSOR_DEFINITIONS = (
					"DEBUG=1",
					"$(inherited)",
				);
				GCC_WARN_64_TO_32_BIT_CONVERSION = YES;
				GCC_WARN_ABOUT_RETURN_TYPE = YES_ERROR;
				GCC_WARN_UNDECLARED_SELECTOR = YES;
				GCC_WARN_UNINITIALIZED_AUTOS = YES_AGGRESSIVE;
				GCC_WARN_UNUSED_FUNCTION = YES;
				GCC_WARN_UNUSED_VARIABLE = YES;
				IPHONEOS_DEPLOYMENT_TARGET = 16.2;
				MTL_ENABLE_DEBUG_INFO = INCLUDE_SOURCE;
				MTL_FAST_MATH = YES;
				ONLY_ACTIVE_ARCH = YES;
				SDKROOT = iphoneos;
				SWIFT_ACTIVE_COMPILATION_CONDITIONS = DEBUG;
				SWIFT_OPTIMIZATION_LEVEL = "-Onone";
			};
			name = Debug;
		};
		C7C4FD84296D315E00040E05 /* Release */ = {
			isa = XCBuildConfiguration;
			buildSettings = {
				ALWAYS_SEARCH_USER_PATHS = NO;
				CLANG_ANALYZER_NONNULL = YES;
				CLANG_ANALYZER_NUMBER_OBJECT_CONVERSION = YES_AGGRESSIVE;
				CLANG_CXX_LANGUAGE_STANDARD = "gnu++20";
				CLANG_ENABLE_MODULES = YES;
				CLANG_ENABLE_OBJC_ARC = YES;
				CLANG_ENABLE_OBJC_WEAK = YES;
				CLANG_WARN_BLOCK_CAPTURE_AUTORELEASING = YES;
				CLANG_WARN_BOOL_CONVERSION = YES;
				CLANG_WARN_COMMA = YES;
				CLANG_WARN_CONSTANT_CONVERSION = YES;
				CLANG_WARN_DEPRECATED_OBJC_IMPLEMENTATIONS = YES;
				CLANG_WARN_DIRECT_OBJC_ISA_USAGE = YES_ERROR;
				CLANG_WARN_DOCUMENTATION_COMMENTS = YES;
				CLANG_WARN_EMPTY_BODY = YES;
				CLANG_WARN_ENUM_CONVERSION = YES;
				CLANG_WARN_INFINITE_RECURSION = YES;
				CLANG_WARN_INT_CONVERSION = YES;
				CLANG_WARN_NON_LITERAL_NULL_CONVERSION = YES;
				CLANG_WARN_OBJC_IMPLICIT_RETAIN_SELF = YES;
				CLANG_WARN_OBJC_LITERAL_CONVERSION = YES;
				CLANG_WARN_OBJC_ROOT_CLASS = YES_ERROR;
				CLANG_WARN_QUOTED_INCLUDE_IN_FRAMEWORK_HEADER = YES;
				CLANG_WARN_RANGE_LOOP_ANALYSIS = YES;
				CLANG_WARN_STRICT_PROTOTYPES = YES;
				CLANG_WARN_SUSPICIOUS_MOVE = YES;
				CLANG_WARN_UNGUARDED_AVAILABILITY = YES_AGGRESSIVE;
				CLANG_WARN_UNREACHABLE_CODE = YES;
				CLANG_WARN__DUPLICATE_METHOD_MATCH = YES;
				COPY_PHASE_STRIP = NO;
				DEBUG_INFORMATION_FORMAT = "dwarf-with-dsym";
				ENABLE_NS_ASSERTIONS = NO;
				ENABLE_STRICT_OBJC_MSGSEND = YES;
				GCC_C_LANGUAGE_STANDARD = gnu11;
				GCC_NO_COMMON_BLOCKS = YES;
				GCC_WARN_64_TO_32_BIT_CONVERSION = YES;
				GCC_WARN_ABOUT_RETURN_TYPE = YES_ERROR;
				GCC_WARN_UNDECLARED_SELECTOR = YES;
				GCC_WARN_UNINITIALIZED_AUTOS = YES_AGGRESSIVE;
				GCC_WARN_UNUSED_FUNCTION = YES;
				GCC_WARN_UNUSED_VARIABLE = YES;
				IPHONEOS_DEPLOYMENT_TARGET = 16.2;
				MTL_ENABLE_DEBUG_INFO = NO;
				MTL_FAST_MATH = YES;
				SDKROOT = iphoneos;
				SWIFT_COMPILATION_MODE = wholemodule;
				SWIFT_OPTIMIZATION_LEVEL = "-O";
				VALIDATE_PRODUCT = YES;
			};
			name = Release;
		};
		C7C4FD86296D315E00040E05 /* Debug */ = {
			isa = XCBuildConfiguration;
			baseConfigurationReference = 20695CA204D5535133317C3B /* Pods-UMC-Reborn.debug.xcconfig */;
			buildSettings = {
				ASSETCATALOG_COMPILER_APPICON_NAME = AppIcon;
				ASSETCATALOG_COMPILER_GLOBAL_ACCENT_COLOR_NAME = AccentColor;
				CODE_SIGN_STYLE = Automatic;
				CURRENT_PROJECT_VERSION = 1;
				DEVELOPMENT_TEAM = "";
				GENERATE_INFOPLIST_FILE = YES;
				INFOPLIST_FILE = "UMC-Reborn/Info.plist";
				INFOPLIST_KEY_UIApplicationSupportsIndirectInputEvents = YES;
				INFOPLIST_KEY_UILaunchStoryboardName = LaunchScreen;
				INFOPLIST_KEY_UIMainStoryboardFile = StoreTab;
				INFOPLIST_KEY_UISupportedInterfaceOrientations_iPad = "UIInterfaceOrientationPortrait UIInterfaceOrientationPortraitUpsideDown UIInterfaceOrientationLandscapeLeft UIInterfaceOrientationLandscapeRight";
				INFOPLIST_KEY_UISupportedInterfaceOrientations_iPhone = "UIInterfaceOrientationPortrait UIInterfaceOrientationLandscapeLeft UIInterfaceOrientationLandscapeRight";
				IPHONEOS_DEPLOYMENT_TARGET = 16.0;
				LD_RUNPATH_SEARCH_PATHS = (
					"$(inherited)",
					"@executable_path/Frameworks",
				);
				MARKETING_VERSION = 1.0;
				PRODUCT_BUNDLE_IDENTIFIER = "com.JKPARK.UMC-Reborn";
				PRODUCT_NAME = "$(TARGET_NAME)";
				SWIFT_EMIT_LOC_STRINGS = YES;
				SWIFT_VERSION = 5.0;
				TARGETED_DEVICE_FAMILY = "1,2";
			};
			name = Debug;
		};
		C7C4FD87296D315E00040E05 /* Release */ = {
			isa = XCBuildConfiguration;
			baseConfigurationReference = 0F6EF8032D9E3685D5618366 /* Pods-UMC-Reborn.release.xcconfig */;
			buildSettings = {
				ASSETCATALOG_COMPILER_APPICON_NAME = AppIcon;
				ASSETCATALOG_COMPILER_GLOBAL_ACCENT_COLOR_NAME = AccentColor;
				CODE_SIGN_STYLE = Automatic;
				CURRENT_PROJECT_VERSION = 1;
				DEVELOPMENT_TEAM = "";
				GENERATE_INFOPLIST_FILE = YES;
				INFOPLIST_FILE = "UMC-Reborn/Info.plist";
				INFOPLIST_KEY_UIApplicationSupportsIndirectInputEvents = YES;
				INFOPLIST_KEY_UILaunchStoryboardName = LaunchScreen;
				INFOPLIST_KEY_UIMainStoryboardFile = StoreTab;
				INFOPLIST_KEY_UISupportedInterfaceOrientations_iPad = "UIInterfaceOrientationPortrait UIInterfaceOrientationPortraitUpsideDown UIInterfaceOrientationLandscapeLeft UIInterfaceOrientationLandscapeRight";
				INFOPLIST_KEY_UISupportedInterfaceOrientations_iPhone = "UIInterfaceOrientationPortrait UIInterfaceOrientationLandscapeLeft UIInterfaceOrientationLandscapeRight";
				IPHONEOS_DEPLOYMENT_TARGET = 16.0;
				LD_RUNPATH_SEARCH_PATHS = (
					"$(inherited)",
					"@executable_path/Frameworks",
				);
				MARKETING_VERSION = 1.0;
				PRODUCT_BUNDLE_IDENTIFIER = "com.JKPARK.UMC-Reborn";
				PRODUCT_NAME = "$(TARGET_NAME)";
				SWIFT_EMIT_LOC_STRINGS = YES;
				SWIFT_VERSION = 5.0;
				TARGETED_DEVICE_FAMILY = "1,2";
			};
			name = Release;
		};
/* End XCBuildConfiguration section */

/* Begin XCConfigurationList section */
		C7C4FD6C296D315B00040E05 /* Build configuration list for PBXProject "UMC-Reborn" */ = {
			isa = XCConfigurationList;
			buildConfigurations = (
				C7C4FD83296D315E00040E05 /* Debug */,
				C7C4FD84296D315E00040E05 /* Release */,
			);
			defaultConfigurationIsVisible = 0;
			defaultConfigurationName = Release;
		};
		C7C4FD85296D315E00040E05 /* Build configuration list for PBXNativeTarget "UMC-Reborn" */ = {
			isa = XCConfigurationList;
			buildConfigurations = (
				C7C4FD86296D315E00040E05 /* Debug */,
				C7C4FD87296D315E00040E05 /* Release */,
			);
			defaultConfigurationIsVisible = 0;
			defaultConfigurationName = Release;
		};
/* End XCConfigurationList section */
	};
	rootObject = C7C4FD69296D315B00040E05 /* Project object */;
}
