// !$*UTF8*$!
{
	archiveVersion = 1;
	classes = {
	};
	objectVersion = 56;
	objects = {

/* Begin PBXBuildFile section */
		0B0D66C6298CFA1800E5220F /* EmailViewSecondController.swift in Sources */ = {isa = PBXBuildFile; fileRef = 0B0D66C5298CFA1800E5220F /* EmailViewSecondController.swift */; };
		0B0D66C8298CFA6100E5220F /* Id_PassWordSecondViewController.swift in Sources */ = {isa = PBXBuildFile; fileRef = 0B0D66C7298CFA6100E5220F /* Id_PassWordSecondViewController.swift */; };
		0B0D66CA298CFC1D00E5220F /* JoinLoginAPIHandler.swift in Sources */ = {isa = PBXBuildFile; fileRef = 0B0D66C9298CFC1D00E5220F /* JoinLoginAPIHandler.swift */; };
		0B94770429899BF400B5829A /* FirstLoginViewController.swift in Sources */ = {isa = PBXBuildFile; fileRef = 0B94770329899BF400B5829A /* FirstLoginViewController.swift */; };
		0B94770829899D6400B5829A /* NeighborViewController.swift in Sources */ = {isa = PBXBuildFile; fileRef = 0B94770729899D6400B5829A /* NeighborViewController.swift */; };
		0B94770A29899D7800B5829A /* ShopLoginViewController.swift in Sources */ = {isa = PBXBuildFile; fileRef = 0B94770929899D7800B5829A /* ShopLoginViewController.swift */; };
		0B94770C29899D8C00B5829A /* ServiceViewController.swift in Sources */ = {isa = PBXBuildFile; fileRef = 0B94770B29899D8C00B5829A /* ServiceViewController.swift */; };
		0B94770E29899D9700B5829A /* WhoViewController.swift in Sources */ = {isa = PBXBuildFile; fileRef = 0B94770D29899D9700B5829A /* WhoViewController.swift */; };
		0B94771029899DA400B5829A /* EmailViewController.swift in Sources */ = {isa = PBXBuildFile; fileRef = 0B94770F29899DA400B5829A /* EmailViewController.swift */; };
		0B94771229899DB200B5829A /* Id_PassWordViewController.swift in Sources */ = {isa = PBXBuildFile; fileRef = 0B94771129899DB200B5829A /* Id_PassWordViewController.swift */; };
		0B94771429899DC700B5829A /* Basic_InfoViewController.swift in Sources */ = {isa = PBXBuildFile; fileRef = 0B94771329899DC700B5829A /* Basic_InfoViewController.swift */; };
		0B94771629899DD200B5829A /* InterestViewController.swift in Sources */ = {isa = PBXBuildFile; fileRef = 0B94771529899DD200B5829A /* InterestViewController.swift */; };
		0B94771829899DDE00B5829A /* HelloViewController.swift in Sources */ = {isa = PBXBuildFile; fileRef = 0B94771729899DDD00B5829A /* HelloViewController.swift */; };
		0B94771A29899DF700B5829A /* ShopBasic_InfoViewController.swift in Sources */ = {isa = PBXBuildFile; fileRef = 0B94771929899DF700B5829A /* ShopBasic_InfoViewController.swift */; };
		0B94771C29899E2400B5829A /* InterestSecondViewController.swift in Sources */ = {isa = PBXBuildFile; fileRef = 0B94771B29899E2400B5829A /* InterestSecondViewController.swift */; };
		0B94771E29899E3000B5829A /* HelloSecondViewController.swift in Sources */ = {isa = PBXBuildFile; fileRef = 0B94771D29899E3000B5829A /* HelloSecondViewController.swift */; };
		0B94772029899E4400B5829A /* FindIdViewController.swift in Sources */ = {isa = PBXBuildFile; fileRef = 0B94771F29899E4400B5829A /* FindIdViewController.swift */; };
		0B94772229899E5200B5829A /* FoundIdViewController.swift in Sources */ = {isa = PBXBuildFile; fileRef = 0B94772129899E5200B5829A /* FoundIdViewController.swift */; };
		0B94772429899E6500B5829A /* ResetPwViewController.swift in Sources */ = {isa = PBXBuildFile; fileRef = 0B94772329899E6500B5829A /* ResetPwViewController.swift */; };
		0B9477262989A86200B5829A /* FirstViewController.swift in Sources */ = {isa = PBXBuildFile; fileRef = 0B9477252989A86200B5829A /* FirstViewController.swift */; };
		0BAEAC2529704020008079E6 /* JoinLogin.storyboard in Resources */ = {isa = PBXBuildFile; fileRef = 0BAEAC2429704020008079E6 /* JoinLogin.storyboard */; };
		0BC96D5C2975522800EA4926 /* LoginViewController.swift in Sources */ = {isa = PBXBuildFile; fileRef = 0BC96D5B2975522800EA4926 /* LoginViewController.swift */; };
		2F1B30C429758EC5001A7284 /* MyRebornCell.swift in Sources */ = {isa = PBXBuildFile; fileRef = 2F1B30C329758EC5001A7284 /* MyRebornCell.swift */; };
		2F3150512982677F0088DD46 /* ReviewImageCollectionViewCell.swift in Sources */ = {isa = PBXBuildFile; fileRef = 2F3150502982677F0088DD46 /* ReviewImageCollectionViewCell.swift */; };
		2F315053298276E90088DD46 /* RebornHistoryTableViewCell.swift in Sources */ = {isa = PBXBuildFile; fileRef = 2F315052298276E90088DD46 /* RebornHistoryTableViewCell.swift */; };
		2F62AE87297EA0C0008907B2 /* WriteReviewViewController.swift in Sources */ = {isa = PBXBuildFile; fileRef = 2F62AE86297EA0C0008907B2 /* WriteReviewViewController.swift */; };
		2F7010EE2975845200E09DD9 /* MyRebornViewController.swift in Sources */ = {isa = PBXBuildFile; fileRef = 2F7010ED2975845200E09DD9 /* MyRebornViewController.swift */; };
		2F7010F0297586C100E09DD9 /* MyReborn.storyboard in Resources */ = {isa = PBXBuildFile; fileRef = 2F7010EF297586C100E09DD9 /* MyReborn.storyboard */; };
		2FB4A6A62977A46F00CA811C /* EditUserProfileViewController.swift in Sources */ = {isa = PBXBuildFile; fileRef = 2FB4A6A52977A46F00CA811C /* EditUserProfileViewController.swift */; };
		2FB4A6A82977A5D900CA811C /* RebornHistoryViewController.swift in Sources */ = {isa = PBXBuildFile; fileRef = 2FB4A6A72977A5D900CA811C /* RebornHistoryViewController.swift */; };
		2FB4A6AC2977A66000CA811C /* ReviewManageViewController.swift in Sources */ = {isa = PBXBuildFile; fileRef = 2FB4A6AB2977A66000CA811C /* ReviewManageViewController.swift */; };
		95148B3D298256FF004A1A57 /* SearchResultTableViewCell.swift in Sources */ = {isa = PBXBuildFile; fileRef = 95148B3C298256FF004A1A57 /* SearchResultTableViewCell.swift */; };
		952CB296296E813400BD7CD7 /* PersonalTab.storyboard in Resources */ = {isa = PBXBuildFile; fileRef = 952CB295296E813300BD7CD7 /* PersonalTab.storyboard */; };
		952CB298296EB2CA00BD7CD7 /* Personal_Home.storyboard in Resources */ = {isa = PBXBuildFile; fileRef = 952CB297296EB2CA00BD7CD7 /* Personal_Home.storyboard */; };
		952CB29A296EB51600BD7CD7 /* PersonalHomeViewController.swift in Sources */ = {isa = PBXBuildFile; fileRef = 952CB299296EB51600BD7CD7 /* PersonalHomeViewController.swift */; };
		952CB29D2977557500BD7CD7 /* RecruitedRebronViewController.swift in Sources */ = {isa = PBXBuildFile; fileRef = 952CB29C2977557500BD7CD7 /* RecruitedRebronViewController.swift */; };
		952CB29F2977566B00BD7CD7 /* BestReviewViewController.swift in Sources */ = {isa = PBXBuildFile; fileRef = 952CB29E2977566B00BD7CD7 /* BestReviewViewController.swift */; };
		952CB2A12977569C00BD7CD7 /* NewShopViewController.swift in Sources */ = {isa = PBXBuildFile; fileRef = 952CB2A02977569C00BD7CD7 /* NewShopViewController.swift */; };
		952CB2A329775CBC00BD7CD7 /* PopularShopViewController.swift in Sources */ = {isa = PBXBuildFile; fileRef = 952CB2A229775CBC00BD7CD7 /* PopularShopViewController.swift */; };
		952CB2A5297768D200BD7CD7 /* PopularSideDishViewController.swift in Sources */ = {isa = PBXBuildFile; fileRef = 952CB2A4297768D200BD7CD7 /* PopularSideDishViewController.swift */; };
		952CB2A72977691100BD7CD7 /* PopularCafeViewController.swift in Sources */ = {isa = PBXBuildFile; fileRef = 952CB2A62977691100BD7CD7 /* PopularCafeViewController.swift */; };
		95E9FFA32977E55E0073DF2B /* RecruitedShopCollectionViewCell.swift in Sources */ = {isa = PBXBuildFile; fileRef = 95E9FFA22977E55E0073DF2B /* RecruitedShopCollectionViewCell.swift */; };
		95E9FFA52979BE270073DF2B /* NewShopCollectionViewCell.swift in Sources */ = {isa = PBXBuildFile; fileRef = 95E9FFA42979BE270073DF2B /* NewShopCollectionViewCell.swift */; };
		95E9FFA72979C8350073DF2B /* BestReviewCollectionViewCell.swift in Sources */ = {isa = PBXBuildFile; fileRef = 95E9FFA62979C8350073DF2B /* BestReviewCollectionViewCell.swift */; };
		95E9FFA9297A92100073DF2B /* CategoryTableViewCell.swift in Sources */ = {isa = PBXBuildFile; fileRef = 95E9FFA8297A920F0073DF2B /* CategoryTableViewCell.swift */; };
		95E9FFAB297D9B280073DF2B /* adViewController.swift in Sources */ = {isa = PBXBuildFile; fileRef = 95E9FFAA297D9B280073DF2B /* adViewController.swift */; };
		95E9FFB2297D9F930073DF2B /* adCollectionViewCell.swift in Sources */ = {isa = PBXBuildFile; fileRef = 95E9FFB1297D9F930073DF2B /* adCollectionViewCell.swift */; };
		95E9FFB4297E6EE80073DF2B /* SearchPage.storyboard in Resources */ = {isa = PBXBuildFile; fileRef = 95E9FFB3297E6EE80073DF2B /* SearchPage.storyboard */; };
		95E9FFB7297E6F880073DF2B /* SearchViewController.swift in Sources */ = {isa = PBXBuildFile; fileRef = 95E9FFB6297E6F880073DF2B /* SearchViewController.swift */; };
		95E9FFB9297FAFE10073DF2B /* LatestSearchedCell.swift in Sources */ = {isa = PBXBuildFile; fileRef = 95E9FFB8297FAFE10073DF2B /* LatestSearchedCell.swift */; };
		95E9FFBB29808CB10073DF2B /* SearchResultViewController.swift in Sources */ = {isa = PBXBuildFile; fileRef = 95E9FFBA29808CB10073DF2B /* SearchResultViewController.swift */; };
		C70D3D4F2980F1C500CABA91 /* FirstTabViewController.swift in Sources */ = {isa = PBXBuildFile; fileRef = C70D3D4E2980F1C500CABA91 /* FirstTabViewController.swift */; };
		C70D3D512980F1CF00CABA91 /* SecondTabViewController.swift in Sources */ = {isa = PBXBuildFile; fileRef = C70D3D502980F1CF00CABA91 /* SecondTabViewController.swift */; };
		C70D3D532981001300CABA91 /* FirstTabTableViewCell.swift in Sources */ = {isa = PBXBuildFile; fileRef = C70D3D522981001300CABA91 /* FirstTabTableViewCell.swift */; };
		C70D3D552981637E00CABA91 /* SecondTabTableViewCell.swift in Sources */ = {isa = PBXBuildFile; fileRef = C70D3D542981637E00CABA91 /* SecondTabTableViewCell.swift */; };
		C70D3D572981890E00CABA91 /* SecondTabCollectionViewCell.swift in Sources */ = {isa = PBXBuildFile; fileRef = C70D3D562981890E00CABA91 /* SecondTabCollectionViewCell.swift */; };
		C70D3D59298197FE00CABA91 /* TabMainViewController.swift in Sources */ = {isa = PBXBuildFile; fileRef = C70D3D58298197FE00CABA91 /* TabMainViewController.swift */; };
		C70D3D5B29819A1D00CABA91 /* FirstMainViewController.swift in Sources */ = {isa = PBXBuildFile; fileRef = C70D3D5A29819A1D00CABA91 /* FirstMainViewController.swift */; };
		C70D3D5D29819A4B00CABA91 /* SecondMainViewController.swift in Sources */ = {isa = PBXBuildFile; fileRef = C70D3D5C29819A4B00CABA91 /* SecondMainViewController.swift */; };
		C70D3D5F29819A5C00CABA91 /* ThirdMainViewController.swift in Sources */ = {isa = PBXBuildFile; fileRef = C70D3D5E29819A5C00CABA91 /* ThirdMainViewController.swift */; };
		C70D3D612981A16D00CABA91 /* FirstMainTableViewCell.swift in Sources */ = {isa = PBXBuildFile; fileRef = C70D3D602981A16D00CABA91 /* FirstMainTableViewCell.swift */; };
		C70D3D632982308D00CABA91 /* SecondMainTableViewCell.swift in Sources */ = {isa = PBXBuildFile; fileRef = C70D3D622982308D00CABA91 /* SecondMainTableViewCell.swift */; };
		C70D3D652982309D00CABA91 /* ThirdMainTableViewCell.swift in Sources */ = {isa = PBXBuildFile; fileRef = C70D3D642982309D00CABA91 /* ThirdMainTableViewCell.swift */; };
		C70D3D6A29826F1D00CABA91 /* APIRebornPost.swift in Sources */ = {isa = PBXBuildFile; fileRef = C70D3D6929826F1D00CABA91 /* APIRebornPost.swift */; };
		C70D3D6C2982D85500CABA91 /* TabModalViewController.swift in Sources */ = {isa = PBXBuildFile; fileRef = C70D3D6B2982D85400CABA91 /* TabModalViewController.swift */; };
		C70D3D6E2982D89200CABA91 /* ModalStoreViewController.swift in Sources */ = {isa = PBXBuildFile; fileRef = C70D3D6D2982D89200CABA91 /* ModalStoreViewController.swift */; };
		C70D3D702982E7B900CABA91 /* PWChangeViewController.swift in Sources */ = {isa = PBXBuildFile; fileRef = C70D3D6F2982E7B900CABA91 /* PWChangeViewController.swift */; };
		C71987522986CF0D000C87EB /* Personal_Jjim.storyboard in Resources */ = {isa = PBXBuildFile; fileRef = C71987512986CF0D000C87EB /* Personal_Jjim.storyboard */; };
		C71987552986D447000C87EB /* JjimViewController.swift in Sources */ = {isa = PBXBuildFile; fileRef = C71987542986D447000C87EB /* JjimViewController.swift */; };
		C71987572986D46F000C87EB /* JjimTableViewCell.swift in Sources */ = {isa = PBXBuildFile; fileRef = C71987562986D46F000C87EB /* JjimTableViewCell.swift */; };
		C71987592986DBCA000C87EB /* APIRebornGet.swift in Sources */ = {isa = PBXBuildFile; fileRef = C71987582986DBCA000C87EB /* APIRebornGet.swift */; };
		C71C2D6F29757625007BA3E0 /* TimePopupViewController.swift in Sources */ = {isa = PBXBuildFile; fileRef = C71C2D6E29757625007BA3E0 /* TimePopupViewController.swift */; };
		C739AC13298A9D980016B840 /* APIRebornPatch.swift in Sources */ = {isa = PBXBuildFile; fileRef = C739AC12298A9D980016B840 /* APIRebornPatch.swift */; };
		C74FEE1A297177BF00BFC8D0 /* StoreTab.storyboard in Resources */ = {isa = PBXBuildFile; fileRef = C74FEE19297177BF00BFC8D0 /* StoreTab.storyboard */; };
		C74FEE3C29717AE300BFC8D0 /* StoreTabBarController.swift in Sources */ = {isa = PBXBuildFile; fileRef = C74FEE3B29717AE300BFC8D0 /* StoreTabBarController.swift */; };
		C74FEE3E29717B6F00BFC8D0 /* StoreMainViewController.swift in Sources */ = {isa = PBXBuildFile; fileRef = C74FEE3D29717B6F00BFC8D0 /* StoreMainViewController.swift */; };
		C74FEE442971893300BFC8D0 /* RebornEnrollViewController.swift in Sources */ = {isa = PBXBuildFile; fileRef = C74FEE432971893300BFC8D0 /* RebornEnrollViewController.swift */; };
		C74FEE4629718B7C00BFC8D0 /* AddRebornViewController.swift in Sources */ = {isa = PBXBuildFile; fileRef = C74FEE4529718B7C00BFC8D0 /* AddRebornViewController.swift */; };
		C74FEE48297199FE00BFC8D0 /* StoreManageViewController.swift in Sources */ = {isa = PBXBuildFile; fileRef = C74FEE47297199FE00BFC8D0 /* StoreManageViewController.swift */; };
		C74FEE4A2971B40800BFC8D0 /* EditStoreViewController.swift in Sources */ = {isa = PBXBuildFile; fileRef = C74FEE492971B40800BFC8D0 /* EditStoreViewController.swift */; };
		C75E99072984E6F6003D40B4 /* CodeViewController.swift in Sources */ = {isa = PBXBuildFile; fileRef = C75E99062984E6F6003D40B4 /* CodeViewController.swift */; };
		C75E990929857BA2003D40B4 /* ReviewImage.swift in Sources */ = {isa = PBXBuildFile; fileRef = C75E990829857BA2003D40B4 /* ReviewImage.swift */; };
		C76935B0297E435A00EB4528 /* StoreReviewCollectionViewCell.swift in Sources */ = {isa = PBXBuildFile; fileRef = C76935AF297E435A00EB4528 /* StoreReviewCollectionViewCell.swift */; };
		C7889DFC297C23050008E99F /* StoreReviewViewController.swift in Sources */ = {isa = PBXBuildFile; fileRef = C7889DFB297C23050008E99F /* StoreReviewViewController.swift */; };
		C7889E01297C297D0008E99F /* StoreReviewTableViewCell.swift in Sources */ = {isa = PBXBuildFile; fileRef = C7889DFF297C297D0008E99F /* StoreReviewTableViewCell.swift */; };
		C7B8BCDF298423FC00FE3C0A /* PwErrorViewController.swift in Sources */ = {isa = PBXBuildFile; fileRef = C7B8BCDE298423FC00FE3C0A /* PwErrorViewController.swift */; };
		C7B8BCE12984241200FE3C0A /* PwOkViewController.swift in Sources */ = {isa = PBXBuildFile; fileRef = C7B8BCE02984241200FE3C0A /* PwOkViewController.swift */; };
		C7C4FD75296D315B00040E05 /* AppDelegate.swift in Sources */ = {isa = PBXBuildFile; fileRef = C7C4FD74296D315B00040E05 /* AppDelegate.swift */; };
		C7C4FD77296D315B00040E05 /* SceneDelegate.swift in Sources */ = {isa = PBXBuildFile; fileRef = C7C4FD76296D315B00040E05 /* SceneDelegate.swift */; };
		C7C4FD79296D315B00040E05 /* ViewController.swift in Sources */ = {isa = PBXBuildFile; fileRef = C7C4FD78296D315B00040E05 /* ViewController.swift */; };
		C7C4FD7C296D315B00040E05 /* Main.storyboard in Resources */ = {isa = PBXBuildFile; fileRef = C7C4FD7A296D315B00040E05 /* Main.storyboard */; };
		C7C4FD7E296D315E00040E05 /* Assets.xcassets in Resources */ = {isa = PBXBuildFile; fileRef = C7C4FD7D296D315E00040E05 /* Assets.xcassets */; };
		C7C4FD81296D315E00040E05 /* LaunchScreen.storyboard in Resources */ = {isa = PBXBuildFile; fileRef = C7C4FD7F296D315E00040E05 /* LaunchScreen.storyboard */; };
		C7D56FAA2972BC5600A68015 /* PopupViewController.swift in Sources */ = {isa = PBXBuildFile; fileRef = C7D56FA92972BC5600A68015 /* PopupViewController.swift */; };
		C7DA00A329891C740015BA4F /* APIReviewGet.swift in Sources */ = {isa = PBXBuildFile; fileRef = C7DA00A229891C740015BA4F /* APIReviewGet.swift */; };
		C7DA00A5298920A00015BA4F /* APIStoreGet.swift in Sources */ = {isa = PBXBuildFile; fileRef = C7DA00A4298920A00015BA4F /* APIStoreGet.swift */; };
		C7DCE53C29727AA900F44F1D /* EnrollTableViewCell.swift in Sources */ = {isa = PBXBuildFile; fileRef = C7DCE53B29727AA900F44F1D /* EnrollTableViewCell.swift */; };
		C7DCE5442972936A00F44F1D /* EditRebornViewController.swift in Sources */ = {isa = PBXBuildFile; fileRef = C7DCE5432972936A00F44F1D /* EditRebornViewController.swift */; };
		C7DD72B629779D090076BFB4 /* (null) in Resources */ = {isa = PBXBuildFile; };
		C7DD72B729779D090076BFB4 /* (null) in Resources */ = {isa = PBXBuildFile; };
		F54958F376ED96265363C1F8 /* Pods_UMC_Reborn.framework in Frameworks */ = {isa = PBXBuildFile; fileRef = EB1D96CEC8F954642A95C41C /* Pods_UMC_Reborn.framework */; };
/* End PBXBuildFile section */

/* Begin PBXFileReference section */
		0B0D66C5298CFA1800E5220F /* EmailViewSecondController.swift */ = {isa = PBXFileReference; lastKnownFileType = sourcecode.swift; path = EmailViewSecondController.swift; sourceTree = "<group>"; };
		0B0D66C7298CFA6100E5220F /* Id_PassWordSecondViewController.swift */ = {isa = PBXFileReference; lastKnownFileType = sourcecode.swift; path = Id_PassWordSecondViewController.swift; sourceTree = "<group>"; };
		0B0D66C9298CFC1D00E5220F /* JoinLoginAPIHandler.swift */ = {isa = PBXFileReference; lastKnownFileType = sourcecode.swift; path = JoinLoginAPIHandler.swift; sourceTree = "<group>"; };
		0B94770329899BF400B5829A /* FirstLoginViewController.swift */ = {isa = PBXFileReference; lastKnownFileType = sourcecode.swift; path = FirstLoginViewController.swift; sourceTree = "<group>"; };
		0B94770729899D6400B5829A /* NeighborViewController.swift */ = {isa = PBXFileReference; lastKnownFileType = sourcecode.swift; path = NeighborViewController.swift; sourceTree = "<group>"; };
		0B94770929899D7800B5829A /* ShopLoginViewController.swift */ = {isa = PBXFileReference; lastKnownFileType = sourcecode.swift; path = ShopLoginViewController.swift; sourceTree = "<group>"; };
		0B94770B29899D8C00B5829A /* ServiceViewController.swift */ = {isa = PBXFileReference; lastKnownFileType = sourcecode.swift; path = ServiceViewController.swift; sourceTree = "<group>"; };
		0B94770D29899D9700B5829A /* WhoViewController.swift */ = {isa = PBXFileReference; lastKnownFileType = sourcecode.swift; path = WhoViewController.swift; sourceTree = "<group>"; };
		0B94770F29899DA400B5829A /* EmailViewController.swift */ = {isa = PBXFileReference; lastKnownFileType = sourcecode.swift; path = EmailViewController.swift; sourceTree = "<group>"; };
		0B94771129899DB200B5829A /* Id_PassWordViewController.swift */ = {isa = PBXFileReference; lastKnownFileType = sourcecode.swift; path = Id_PassWordViewController.swift; sourceTree = "<group>"; };
		0B94771329899DC700B5829A /* Basic_InfoViewController.swift */ = {isa = PBXFileReference; lastKnownFileType = sourcecode.swift; path = Basic_InfoViewController.swift; sourceTree = "<group>"; };
		0B94771529899DD200B5829A /* InterestViewController.swift */ = {isa = PBXFileReference; lastKnownFileType = sourcecode.swift; path = InterestViewController.swift; sourceTree = "<group>"; };
		0B94771729899DDD00B5829A /* HelloViewController.swift */ = {isa = PBXFileReference; lastKnownFileType = sourcecode.swift; path = HelloViewController.swift; sourceTree = "<group>"; };
		0B94771929899DF700B5829A /* ShopBasic_InfoViewController.swift */ = {isa = PBXFileReference; lastKnownFileType = sourcecode.swift; path = ShopBasic_InfoViewController.swift; sourceTree = "<group>"; };
		0B94771B29899E2400B5829A /* InterestSecondViewController.swift */ = {isa = PBXFileReference; lastKnownFileType = sourcecode.swift; path = InterestSecondViewController.swift; sourceTree = "<group>"; };
		0B94771D29899E3000B5829A /* HelloSecondViewController.swift */ = {isa = PBXFileReference; lastKnownFileType = sourcecode.swift; path = HelloSecondViewController.swift; sourceTree = "<group>"; };
		0B94771F29899E4400B5829A /* FindIdViewController.swift */ = {isa = PBXFileReference; lastKnownFileType = sourcecode.swift; path = FindIdViewController.swift; sourceTree = "<group>"; };
		0B94772129899E5200B5829A /* FoundIdViewController.swift */ = {isa = PBXFileReference; lastKnownFileType = sourcecode.swift; path = FoundIdViewController.swift; sourceTree = "<group>"; };
		0B94772329899E6500B5829A /* ResetPwViewController.swift */ = {isa = PBXFileReference; lastKnownFileType = sourcecode.swift; path = ResetPwViewController.swift; sourceTree = "<group>"; };
		0B9477252989A86200B5829A /* FirstViewController.swift */ = {isa = PBXFileReference; lastKnownFileType = sourcecode.swift; path = FirstViewController.swift; sourceTree = "<group>"; };
		0BAEAC2429704020008079E6 /* JoinLogin.storyboard */ = {isa = PBXFileReference; lastKnownFileType = file.storyboard; path = JoinLogin.storyboard; sourceTree = "<group>"; };
		0BC96D5B2975522800EA4926 /* LoginViewController.swift */ = {isa = PBXFileReference; lastKnownFileType = sourcecode.swift; path = LoginViewController.swift; sourceTree = "<group>"; };
		0F6EF8032D9E3685D5618366 /* Pods-UMC-Reborn.release.xcconfig */ = {isa = PBXFileReference; includeInIndex = 1; lastKnownFileType = text.xcconfig; name = "Pods-UMC-Reborn.release.xcconfig"; path = "Target Support Files/Pods-UMC-Reborn/Pods-UMC-Reborn.release.xcconfig"; sourceTree = "<group>"; };
		20695CA204D5535133317C3B /* Pods-UMC-Reborn.debug.xcconfig */ = {isa = PBXFileReference; includeInIndex = 1; lastKnownFileType = text.xcconfig; name = "Pods-UMC-Reborn.debug.xcconfig"; path = "Target Support Files/Pods-UMC-Reborn/Pods-UMC-Reborn.debug.xcconfig"; sourceTree = "<group>"; };
		2F1B30C329758EC5001A7284 /* MyRebornCell.swift */ = {isa = PBXFileReference; lastKnownFileType = sourcecode.swift; path = MyRebornCell.swift; sourceTree = "<group>"; };
		2F3150502982677F0088DD46 /* ReviewImageCollectionViewCell.swift */ = {isa = PBXFileReference; lastKnownFileType = sourcecode.swift; path = ReviewImageCollectionViewCell.swift; sourceTree = "<group>"; };
		2F315052298276E90088DD46 /* RebornHistoryTableViewCell.swift */ = {isa = PBXFileReference; lastKnownFileType = sourcecode.swift; path = RebornHistoryTableViewCell.swift; sourceTree = "<group>"; };
		2F62AE86297EA0C0008907B2 /* WriteReviewViewController.swift */ = {isa = PBXFileReference; lastKnownFileType = sourcecode.swift; path = WriteReviewViewController.swift; sourceTree = "<group>"; };
		2F7010ED2975845200E09DD9 /* MyRebornViewController.swift */ = {isa = PBXFileReference; lastKnownFileType = sourcecode.swift; path = MyRebornViewController.swift; sourceTree = "<group>"; };
		2F7010EF297586C100E09DD9 /* MyReborn.storyboard */ = {isa = PBXFileReference; lastKnownFileType = file.storyboard; path = MyReborn.storyboard; sourceTree = "<group>"; };
		2FB4A6A52977A46F00CA811C /* EditUserProfileViewController.swift */ = {isa = PBXFileReference; lastKnownFileType = sourcecode.swift; path = EditUserProfileViewController.swift; sourceTree = "<group>"; };
		2FB4A6A72977A5D900CA811C /* RebornHistoryViewController.swift */ = {isa = PBXFileReference; lastKnownFileType = sourcecode.swift; path = RebornHistoryViewController.swift; sourceTree = "<group>"; };
		2FB4A6AB2977A66000CA811C /* ReviewManageViewController.swift */ = {isa = PBXFileReference; lastKnownFileType = sourcecode.swift; path = ReviewManageViewController.swift; sourceTree = "<group>"; };
		95148B3C298256FF004A1A57 /* SearchResultTableViewCell.swift */ = {isa = PBXFileReference; lastKnownFileType = sourcecode.swift; path = SearchResultTableViewCell.swift; sourceTree = "<group>"; };
		952CB295296E813300BD7CD7 /* PersonalTab.storyboard */ = {isa = PBXFileReference; lastKnownFileType = file.storyboard; path = PersonalTab.storyboard; sourceTree = "<group>"; };
		952CB297296EB2CA00BD7CD7 /* Personal_Home.storyboard */ = {isa = PBXFileReference; lastKnownFileType = file.storyboard; path = Personal_Home.storyboard; sourceTree = "<group>"; };
		952CB299296EB51600BD7CD7 /* PersonalHomeViewController.swift */ = {isa = PBXFileReference; lastKnownFileType = sourcecode.swift; path = PersonalHomeViewController.swift; sourceTree = "<group>"; };
		952CB29C2977557500BD7CD7 /* RecruitedRebronViewController.swift */ = {isa = PBXFileReference; lastKnownFileType = sourcecode.swift; path = RecruitedRebronViewController.swift; sourceTree = "<group>"; };
		952CB29E2977566B00BD7CD7 /* BestReviewViewController.swift */ = {isa = PBXFileReference; lastKnownFileType = sourcecode.swift; path = BestReviewViewController.swift; sourceTree = "<group>"; };
		952CB2A02977569C00BD7CD7 /* NewShopViewController.swift */ = {isa = PBXFileReference; lastKnownFileType = sourcecode.swift; path = NewShopViewController.swift; sourceTree = "<group>"; };
		952CB2A229775CBC00BD7CD7 /* PopularShopViewController.swift */ = {isa = PBXFileReference; lastKnownFileType = sourcecode.swift; path = PopularShopViewController.swift; sourceTree = "<group>"; };
		952CB2A4297768D200BD7CD7 /* PopularSideDishViewController.swift */ = {isa = PBXFileReference; lastKnownFileType = sourcecode.swift; path = PopularSideDishViewController.swift; sourceTree = "<group>"; };
		952CB2A62977691100BD7CD7 /* PopularCafeViewController.swift */ = {isa = PBXFileReference; lastKnownFileType = sourcecode.swift; path = PopularCafeViewController.swift; sourceTree = "<group>"; };
		95E9FFA22977E55E0073DF2B /* RecruitedShopCollectionViewCell.swift */ = {isa = PBXFileReference; lastKnownFileType = sourcecode.swift; path = RecruitedShopCollectionViewCell.swift; sourceTree = "<group>"; };
		95E9FFA42979BE270073DF2B /* NewShopCollectionViewCell.swift */ = {isa = PBXFileReference; lastKnownFileType = sourcecode.swift; path = NewShopCollectionViewCell.swift; sourceTree = "<group>"; };
		95E9FFA62979C8350073DF2B /* BestReviewCollectionViewCell.swift */ = {isa = PBXFileReference; lastKnownFileType = sourcecode.swift; path = BestReviewCollectionViewCell.swift; sourceTree = "<group>"; };
		95E9FFA8297A920F0073DF2B /* CategoryTableViewCell.swift */ = {isa = PBXFileReference; lastKnownFileType = sourcecode.swift; path = CategoryTableViewCell.swift; sourceTree = "<group>"; };
		95E9FFAA297D9B280073DF2B /* adViewController.swift */ = {isa = PBXFileReference; lastKnownFileType = sourcecode.swift; path = adViewController.swift; sourceTree = "<group>"; };
		95E9FFB1297D9F930073DF2B /* adCollectionViewCell.swift */ = {isa = PBXFileReference; lastKnownFileType = sourcecode.swift; path = adCollectionViewCell.swift; sourceTree = "<group>"; };
		95E9FFB3297E6EE80073DF2B /* SearchPage.storyboard */ = {isa = PBXFileReference; lastKnownFileType = file.storyboard; path = SearchPage.storyboard; sourceTree = "<group>"; };
		95E9FFB6297E6F880073DF2B /* SearchViewController.swift */ = {isa = PBXFileReference; lastKnownFileType = sourcecode.swift; path = SearchViewController.swift; sourceTree = "<group>"; };
		95E9FFB8297FAFE10073DF2B /* LatestSearchedCell.swift */ = {isa = PBXFileReference; lastKnownFileType = sourcecode.swift; path = LatestSearchedCell.swift; sourceTree = "<group>"; };
		95E9FFBA29808CB10073DF2B /* SearchResultViewController.swift */ = {isa = PBXFileReference; lastKnownFileType = sourcecode.swift; path = SearchResultViewController.swift; sourceTree = "<group>"; };
		C70D3D4E2980F1C500CABA91 /* FirstTabViewController.swift */ = {isa = PBXFileReference; lastKnownFileType = sourcecode.swift; path = FirstTabViewController.swift; sourceTree = "<group>"; };
		C70D3D502980F1CF00CABA91 /* SecondTabViewController.swift */ = {isa = PBXFileReference; lastKnownFileType = sourcecode.swift; path = SecondTabViewController.swift; sourceTree = "<group>"; };
		C70D3D522981001300CABA91 /* FirstTabTableViewCell.swift */ = {isa = PBXFileReference; lastKnownFileType = sourcecode.swift; path = FirstTabTableViewCell.swift; sourceTree = "<group>"; };
		C70D3D542981637E00CABA91 /* SecondTabTableViewCell.swift */ = {isa = PBXFileReference; lastKnownFileType = sourcecode.swift; path = SecondTabTableViewCell.swift; sourceTree = "<group>"; };
		C70D3D562981890E00CABA91 /* SecondTabCollectionViewCell.swift */ = {isa = PBXFileReference; lastKnownFileType = sourcecode.swift; path = SecondTabCollectionViewCell.swift; sourceTree = "<group>"; };
		C70D3D58298197FE00CABA91 /* TabMainViewController.swift */ = {isa = PBXFileReference; lastKnownFileType = sourcecode.swift; path = TabMainViewController.swift; sourceTree = "<group>"; };
		C70D3D5A29819A1D00CABA91 /* FirstMainViewController.swift */ = {isa = PBXFileReference; lastKnownFileType = sourcecode.swift; path = FirstMainViewController.swift; sourceTree = "<group>"; };
		C70D3D5C29819A4B00CABA91 /* SecondMainViewController.swift */ = {isa = PBXFileReference; lastKnownFileType = sourcecode.swift; path = SecondMainViewController.swift; sourceTree = "<group>"; };
		C70D3D5E29819A5C00CABA91 /* ThirdMainViewController.swift */ = {isa = PBXFileReference; lastKnownFileType = sourcecode.swift; path = ThirdMainViewController.swift; sourceTree = "<group>"; };
		C70D3D602981A16D00CABA91 /* FirstMainTableViewCell.swift */ = {isa = PBXFileReference; lastKnownFileType = sourcecode.swift; path = FirstMainTableViewCell.swift; sourceTree = "<group>"; };
		C70D3D622982308D00CABA91 /* SecondMainTableViewCell.swift */ = {isa = PBXFileReference; lastKnownFileType = sourcecode.swift; path = SecondMainTableViewCell.swift; sourceTree = "<group>"; };
		C70D3D642982309D00CABA91 /* ThirdMainTableViewCell.swift */ = {isa = PBXFileReference; lastKnownFileType = sourcecode.swift; path = ThirdMainTableViewCell.swift; sourceTree = "<group>"; };
		C70D3D6929826F1D00CABA91 /* APIRebornPost.swift */ = {isa = PBXFileReference; lastKnownFileType = sourcecode.swift; path = APIRebornPost.swift; sourceTree = "<group>"; };
		C70D3D6B2982D85400CABA91 /* TabModalViewController.swift */ = {isa = PBXFileReference; lastKnownFileType = sourcecode.swift; path = TabModalViewController.swift; sourceTree = "<group>"; };
		C70D3D6D2982D89200CABA91 /* ModalStoreViewController.swift */ = {isa = PBXFileReference; lastKnownFileType = sourcecode.swift; path = ModalStoreViewController.swift; sourceTree = "<group>"; };
		C70D3D6F2982E7B900CABA91 /* PWChangeViewController.swift */ = {isa = PBXFileReference; lastKnownFileType = sourcecode.swift; path = PWChangeViewController.swift; sourceTree = "<group>"; };
		C71987512986CF0D000C87EB /* Personal_Jjim.storyboard */ = {isa = PBXFileReference; lastKnownFileType = file.storyboard; path = Personal_Jjim.storyboard; sourceTree = "<group>"; };
		C71987542986D447000C87EB /* JjimViewController.swift */ = {isa = PBXFileReference; lastKnownFileType = sourcecode.swift; path = JjimViewController.swift; sourceTree = "<group>"; };
		C71987562986D46F000C87EB /* JjimTableViewCell.swift */ = {isa = PBXFileReference; lastKnownFileType = sourcecode.swift; path = JjimTableViewCell.swift; sourceTree = "<group>"; };
		C71987582986DBCA000C87EB /* APIRebornGet.swift */ = {isa = PBXFileReference; lastKnownFileType = sourcecode.swift; path = APIRebornGet.swift; sourceTree = "<group>"; };
		C71C2D6C29755C28007BA3E0 /* ic_Time.png */ = {isa = PBXFileReference; lastKnownFileType = image.png; name = ic_Time.png; path = ../../../../../Downloads/ic_Time.png; sourceTree = "<group>"; };
		C71C2D6E29757625007BA3E0 /* TimePopupViewController.swift */ = {isa = PBXFileReference; lastKnownFileType = sourcecode.swift; path = TimePopupViewController.swift; sourceTree = "<group>"; };
		C739AC12298A9D980016B840 /* APIRebornPatch.swift */ = {isa = PBXFileReference; lastKnownFileType = sourcecode.swift; path = APIRebornPatch.swift; sourceTree = "<group>"; };
		C74FEE19297177BF00BFC8D0 /* StoreTab.storyboard */ = {isa = PBXFileReference; lastKnownFileType = file.storyboard; path = StoreTab.storyboard; sourceTree = "<group>"; };
		C74FEE3B29717AE300BFC8D0 /* StoreTabBarController.swift */ = {isa = PBXFileReference; lastKnownFileType = sourcecode.swift; path = StoreTabBarController.swift; sourceTree = "<group>"; };
		C74FEE3D29717B6F00BFC8D0 /* StoreMainViewController.swift */ = {isa = PBXFileReference; lastKnownFileType = sourcecode.swift; path = StoreMainViewController.swift; sourceTree = "<group>"; };
		C74FEE432971893300BFC8D0 /* RebornEnrollViewController.swift */ = {isa = PBXFileReference; lastKnownFileType = sourcecode.swift; path = RebornEnrollViewController.swift; sourceTree = "<group>"; };
		C74FEE4529718B7C00BFC8D0 /* AddRebornViewController.swift */ = {isa = PBXFileReference; lastKnownFileType = sourcecode.swift; path = AddRebornViewController.swift; sourceTree = "<group>"; };
		C74FEE47297199FE00BFC8D0 /* StoreManageViewController.swift */ = {isa = PBXFileReference; lastKnownFileType = sourcecode.swift; path = StoreManageViewController.swift; sourceTree = "<group>"; };
		C74FEE492971B40800BFC8D0 /* EditStoreViewController.swift */ = {isa = PBXFileReference; lastKnownFileType = sourcecode.swift; path = EditStoreViewController.swift; sourceTree = "<group>"; };
		C75E99062984E6F6003D40B4 /* CodeViewController.swift */ = {isa = PBXFileReference; lastKnownFileType = sourcecode.swift; path = CodeViewController.swift; sourceTree = "<group>"; };
		C75E990829857BA2003D40B4 /* ReviewImage.swift */ = {isa = PBXFileReference; lastKnownFileType = sourcecode.swift; path = ReviewImage.swift; sourceTree = "<group>"; };
		C76935AF297E435A00EB4528 /* StoreReviewCollectionViewCell.swift */ = {isa = PBXFileReference; lastKnownFileType = sourcecode.swift; path = StoreReviewCollectionViewCell.swift; sourceTree = "<group>"; };
		C7889DFB297C23050008E99F /* StoreReviewViewController.swift */ = {isa = PBXFileReference; lastKnownFileType = sourcecode.swift; path = StoreReviewViewController.swift; sourceTree = "<group>"; };
		C7889DFF297C297D0008E99F /* StoreReviewTableViewCell.swift */ = {isa = PBXFileReference; lastKnownFileType = sourcecode.swift; path = StoreReviewTableViewCell.swift; sourceTree = "<group>"; };
		C7B8BCDE298423FC00FE3C0A /* PwErrorViewController.swift */ = {isa = PBXFileReference; lastKnownFileType = sourcecode.swift; path = PwErrorViewController.swift; sourceTree = "<group>"; };
		C7B8BCE02984241200FE3C0A /* PwOkViewController.swift */ = {isa = PBXFileReference; lastKnownFileType = sourcecode.swift; path = PwOkViewController.swift; sourceTree = "<group>"; };
		C7C4FD71296D315B00040E05 /* UMC-Reborn.app */ = {isa = PBXFileReference; explicitFileType = wrapper.application; includeInIndex = 0; path = "UMC-Reborn.app"; sourceTree = BUILT_PRODUCTS_DIR; };
		C7C4FD74296D315B00040E05 /* AppDelegate.swift */ = {isa = PBXFileReference; lastKnownFileType = sourcecode.swift; path = AppDelegate.swift; sourceTree = "<group>"; };
		C7C4FD76296D315B00040E05 /* SceneDelegate.swift */ = {isa = PBXFileReference; lastKnownFileType = sourcecode.swift; path = SceneDelegate.swift; sourceTree = "<group>"; };
		C7C4FD78296D315B00040E05 /* ViewController.swift */ = {isa = PBXFileReference; lastKnownFileType = sourcecode.swift; path = ViewController.swift; sourceTree = "<group>"; };
		C7C4FD7B296D315B00040E05 /* Base */ = {isa = PBXFileReference; lastKnownFileType = file.storyboard; name = Base; path = Base.lproj/Main.storyboard; sourceTree = "<group>"; };
		C7C4FD7D296D315E00040E05 /* Assets.xcassets */ = {isa = PBXFileReference; lastKnownFileType = folder.assetcatalog; path = Assets.xcassets; sourceTree = "<group>"; };
		C7C4FD80296D315E00040E05 /* Base */ = {isa = PBXFileReference; lastKnownFileType = file.storyboard; name = Base; path = Base.lproj/LaunchScreen.storyboard; sourceTree = "<group>"; };
		C7C4FD82296D315E00040E05 /* Info.plist */ = {isa = PBXFileReference; lastKnownFileType = text.plist.xml; path = Info.plist; sourceTree = "<group>"; };
		C7D56FA92972BC5600A68015 /* PopupViewController.swift */ = {isa = PBXFileReference; lastKnownFileType = sourcecode.swift; path = PopupViewController.swift; sourceTree = "<group>"; };
		C7DA00A229891C740015BA4F /* APIReviewGet.swift */ = {isa = PBXFileReference; lastKnownFileType = sourcecode.swift; path = APIReviewGet.swift; sourceTree = "<group>"; };
		C7DA00A4298920A00015BA4F /* APIStoreGet.swift */ = {isa = PBXFileReference; lastKnownFileType = sourcecode.swift; path = APIStoreGet.swift; sourceTree = "<group>"; };
		C7DCE53B29727AA900F44F1D /* EnrollTableViewCell.swift */ = {isa = PBXFileReference; lastKnownFileType = sourcecode.swift; path = EnrollTableViewCell.swift; sourceTree = "<group>"; };
		C7DCE5432972936A00F44F1D /* EditRebornViewController.swift */ = {isa = PBXFileReference; lastKnownFileType = sourcecode.swift; path = EditRebornViewController.swift; sourceTree = "<group>"; };
		EB1D96CEC8F954642A95C41C /* Pods_UMC_Reborn.framework */ = {isa = PBXFileReference; explicitFileType = wrapper.framework; includeInIndex = 0; path = Pods_UMC_Reborn.framework; sourceTree = BUILT_PRODUCTS_DIR; };
/* End PBXFileReference section */

/* Begin PBXFrameworksBuildPhase section */
		C7C4FD6E296D315B00040E05 /* Frameworks */ = {
			isa = PBXFrameworksBuildPhase;
			buildActionMask = 2147483647;
			files = (
				F54958F376ED96265363C1F8 /* Pods_UMC_Reborn.framework in Frameworks */,
			);
			runOnlyForDeploymentPostprocessing = 0;
		};
/* End PBXFrameworksBuildPhase section */

/* Begin PBXGroup section */
		0B9477022989993900B5829A /* joinlogin */ = {
			isa = PBXGroup;
			children = (
				0BAEAC2429704020008079E6 /* JoinLogin.storyboard */,
				0B0D66C9298CFC1D00E5220F /* JoinLoginAPIHandler.swift */,
				0B94770329899BF400B5829A /* FirstLoginViewController.swift */,
				0B9477252989A86200B5829A /* FirstViewController.swift */,
				0B94770729899D6400B5829A /* NeighborViewController.swift */,
				0B94770929899D7800B5829A /* ShopLoginViewController.swift */,
				0B94770B29899D8C00B5829A /* ServiceViewController.swift */,
				0B94770D29899D9700B5829A /* WhoViewController.swift */,
				0B94770F29899DA400B5829A /* EmailViewController.swift */,
				0B94771129899DB200B5829A /* Id_PassWordViewController.swift */,
				0B94771329899DC700B5829A /* Basic_InfoViewController.swift */,
				0B94771729899DDD00B5829A /* HelloViewController.swift */,
				0B0D66C5298CFA1800E5220F /* EmailViewSecondController.swift */,
				0B94771929899DF700B5829A /* ShopBasic_InfoViewController.swift */,
				0B0D66C7298CFA6100E5220F /* Id_PassWordSecondViewController.swift */,
				0B94771B29899E2400B5829A /* InterestSecondViewController.swift */,
				0B94771529899DD200B5829A /* InterestViewController.swift */,
				0B94771D29899E3000B5829A /* HelloSecondViewController.swift */,
				0B94771F29899E4400B5829A /* FindIdViewController.swift */,
				0B94772129899E5200B5829A /* FoundIdViewController.swift */,
				0B94772329899E6500B5829A /* ResetPwViewController.swift */,
			);
			path = joinlogin;
			sourceTree = "<group>";
		};
		2FB4A6A229779E2000CA811C /* MyReborn */ = {
			isa = PBXGroup;
			children = (
				C71C2D6C29755C28007BA3E0 /* ic_Time.png */,
				2F62AE86297EA0C0008907B2 /* WriteReviewViewController.swift */,
				2F3150502982677F0088DD46 /* ReviewImageCollectionViewCell.swift */,
				2F7010EF297586C100E09DD9 /* MyReborn.storyboard */,
				2FB4A6A52977A46F00CA811C /* EditUserProfileViewController.swift */,
				2FB4A6A72977A5D900CA811C /* RebornHistoryViewController.swift */,
				2FB4A6AB2977A66000CA811C /* ReviewManageViewController.swift */,
				2F7010ED2975845200E09DD9 /* MyRebornViewController.swift */,
				2F1B30C329758EC5001A7284 /* MyRebornCell.swift */,
				2F315052298276E90088DD46 /* RebornHistoryTableViewCell.swift */,
			);
			path = MyReborn;
			sourceTree = "<group>";
		};
		77AD8D9494DCB96CF5BB6F9D /* Frameworks */ = {
			isa = PBXGroup;
			children = (
				EB1D96CEC8F954642A95C41C /* Pods_UMC_Reborn.framework */,
			);
			name = Frameworks;
			sourceTree = "<group>";
		};
		952CB29B297754E100BD7CD7 /* PersonalHomeVC */ = {
			isa = PBXGroup;
			children = (
				952CB299296EB51600BD7CD7 /* PersonalHomeViewController.swift */,
				95E9FFA8297A920F0073DF2B /* CategoryTableViewCell.swift */,
				95E9FFA62979C8350073DF2B /* BestReviewCollectionViewCell.swift */,
				952CB29E2977566B00BD7CD7 /* BestReviewViewController.swift */,
				952CB2A4297768D200BD7CD7 /* PopularSideDishViewController.swift */,
				952CB2A62977691100BD7CD7 /* PopularCafeViewController.swift */,
				952CB2A229775CBC00BD7CD7 /* PopularShopViewController.swift */,
				95E9FFA42979BE270073DF2B /* NewShopCollectionViewCell.swift */,
				952CB2A02977569C00BD7CD7 /* NewShopViewController.swift */,
				95E9FFAA297D9B280073DF2B /* adViewController.swift */,
				95E9FFA22977E55E0073DF2B /* RecruitedShopCollectionViewCell.swift */,
				952CB29C2977557500BD7CD7 /* RecruitedRebronViewController.swift */,
				95E9FFB1297D9F930073DF2B /* adCollectionViewCell.swift */,
			);
			path = PersonalHomeVC;
			sourceTree = "<group>";
		};
		95C036542988D95C00599354 /* Recovered References */ = {
			isa = PBXGroup;
			children = (
			);
			name = "Recovered References";
			sourceTree = "<group>";
		};
		95E9FFB5297E6F560073DF2B /* SearchVC */ = {
			isa = PBXGroup;
			children = (
				95E9FFB6297E6F880073DF2B /* SearchViewController.swift */,
				95E9FFB8297FAFE10073DF2B /* LatestSearchedCell.swift */,
				95E9FFBA29808CB10073DF2B /* SearchResultViewController.swift */,
				95148B3C298256FF004A1A57 /* SearchResultTableViewCell.swift */,
			);
			path = SearchVC;
			sourceTree = "<group>";
		};
		C71987532986D42F000C87EB /* PersonalJjim */ = {
			isa = PBXGroup;
			children = (
				C71987542986D447000C87EB /* JjimViewController.swift */,
				C71987562986D46F000C87EB /* JjimTableViewCell.swift */,
			);
			path = PersonalJjim;
			sourceTree = "<group>";
		};
		C74FEE1C2971782C00BFC8D0 /* StoreHomeViewController */ = {
			isa = PBXGroup;
			children = (
				C7FA26E4297E9E600054DB29 /* Models */,
				C74FEE3B29717AE300BFC8D0 /* StoreTabBarController.swift */,
				C74FEE3D29717B6F00BFC8D0 /* StoreMainViewController.swift */,
				C74FEE432971893300BFC8D0 /* RebornEnrollViewController.swift */,
				C74FEE4529718B7C00BFC8D0 /* AddRebornViewController.swift */,
				C74FEE47297199FE00BFC8D0 /* StoreManageViewController.swift */,
				C74FEE492971B40800BFC8D0 /* EditStoreViewController.swift */,
				C7DCE53B29727AA900F44F1D /* EnrollTableViewCell.swift */,
				C7DCE5432972936A00F44F1D /* EditRebornViewController.swift */,
				C7D56FA92972BC5600A68015 /* PopupViewController.swift */,
				C71C2D6E29757625007BA3E0 /* TimePopupViewController.swift */,
				C7889DFB297C23050008E99F /* StoreReviewViewController.swift */,
				C7889DFF297C297D0008E99F /* StoreReviewTableViewCell.swift */,
				C76935AF297E435A00EB4528 /* StoreReviewCollectionViewCell.swift */,
				C70D3D4E2980F1C500CABA91 /* FirstTabViewController.swift */,
				C70D3D502980F1CF00CABA91 /* SecondTabViewController.swift */,
				C70D3D522981001300CABA91 /* FirstTabTableViewCell.swift */,
				C70D3D542981637E00CABA91 /* SecondTabTableViewCell.swift */,
				C70D3D562981890E00CABA91 /* SecondTabCollectionViewCell.swift */,
				C70D3D58298197FE00CABA91 /* TabMainViewController.swift */,
				C70D3D5A29819A1D00CABA91 /* FirstMainViewController.swift */,
				C70D3D5C29819A4B00CABA91 /* SecondMainViewController.swift */,
				C70D3D5E29819A5C00CABA91 /* ThirdMainViewController.swift */,
				C70D3D602981A16D00CABA91 /* FirstMainTableViewCell.swift */,
				C70D3D622982308D00CABA91 /* SecondMainTableViewCell.swift */,
				C70D3D642982309D00CABA91 /* ThirdMainTableViewCell.swift */,
				C70D3D6B2982D85400CABA91 /* TabModalViewController.swift */,
				C70D3D6D2982D89200CABA91 /* ModalStoreViewController.swift */,
				C70D3D6F2982E7B900CABA91 /* PWChangeViewController.swift */,
				C7B8BCDE298423FC00FE3C0A /* PwErrorViewController.swift */,
				C7B8BCE02984241200FE3C0A /* PwOkViewController.swift */,
				C75E99062984E6F6003D40B4 /* CodeViewController.swift */,
				C75E990829857BA2003D40B4 /* ReviewImage.swift */,
			);
			path = StoreHomeViewController;
			sourceTree = "<group>";
		};
		C7C4FD68296D315B00040E05 = {
			isa = PBXGroup;
			children = (
				C7C4FD73296D315B00040E05 /* UMC-Reborn */,
				C7C4FD72296D315B00040E05 /* Products */,
				D04DEAD214F0B35E09E08104 /* Pods */,
				77AD8D9494DCB96CF5BB6F9D /* Frameworks */,
				95C036542988D95C00599354 /* Recovered References */,
			);
			sourceTree = "<group>";
		};
		C7C4FD72296D315B00040E05 /* Products */ = {
			isa = PBXGroup;
			children = (
				C7C4FD71296D315B00040E05 /* UMC-Reborn.app */,
			);
			name = Products;
			sourceTree = "<group>";
		};
		C7C4FD73296D315B00040E05 /* UMC-Reborn */ = {
			isa = PBXGroup;
			children = (
				952CB295296E813300BD7CD7 /* PersonalTab.storyboard */,
				C7C4FD7F296D315E00040E05 /* LaunchScreen.storyboard */,
				C7C4FD7A296D315B00040E05 /* Main.storyboard */,
				952CB297296EB2CA00BD7CD7 /* Personal_Home.storyboard */,
				C74FEE19297177BF00BFC8D0 /* StoreTab.storyboard */,
				C71987512986CF0D000C87EB /* Personal_Jjim.storyboard */,
				C71987532986D42F000C87EB /* PersonalJjim */,
				95E9FFB3297E6EE80073DF2B /* SearchPage.storyboard */,
				2FB4A6A229779E2000CA811C /* MyReborn */,
				95E9FFB5297E6F560073DF2B /* SearchVC */,
				952CB29B297754E100BD7CD7 /* PersonalHomeVC */,
				C74FEE1C2971782C00BFC8D0 /* StoreHomeViewController */,
				0B9477022989993900B5829A /* joinlogin */,
				C7C4FD74296D315B00040E05 /* AppDelegate.swift */,
				C7C4FD76296D315B00040E05 /* SceneDelegate.swift */,
				C7C4FD78296D315B00040E05 /* ViewController.swift */,
				C7C4FD7D296D315E00040E05 /* Assets.xcassets */,
				C7C4FD82296D315E00040E05 /* Info.plist */,
				0BC96D5B2975522800EA4926 /* LoginViewController.swift */,
			);
			path = "UMC-Reborn";
			sourceTree = "<group>";
		};
		C7FA26E4297E9E600054DB29 /* Models */ = {
			isa = PBXGroup;
			children = (
				C70D3D6929826F1D00CABA91 /* APIRebornPost.swift */,
				C71987582986DBCA000C87EB /* APIRebornGet.swift */,
				C7DA00A229891C740015BA4F /* APIReviewGet.swift */,
				C7DA00A4298920A00015BA4F /* APIStoreGet.swift */,
				C739AC12298A9D980016B840 /* APIRebornPatch.swift */,
			);
			path = Models;
			sourceTree = "<group>";
		};
		D04DEAD214F0B35E09E08104 /* Pods */ = {
			isa = PBXGroup;
			children = (
				20695CA204D5535133317C3B /* Pods-UMC-Reborn.debug.xcconfig */,
				0F6EF8032D9E3685D5618366 /* Pods-UMC-Reborn.release.xcconfig */,
			);
			path = Pods;
			sourceTree = "<group>";
		};
/* End PBXGroup section */

/* Begin PBXNativeTarget section */
		C7C4FD70296D315B00040E05 /* UMC-Reborn */ = {
			isa = PBXNativeTarget;
			buildConfigurationList = C7C4FD85296D315E00040E05 /* Build configuration list for PBXNativeTarget "UMC-Reborn" */;
			buildPhases = (
				6965A19F8B7A023819DAD2B1 /* [CP] Check Pods Manifest.lock */,
				C7C4FD6D296D315B00040E05 /* Sources */,
				C7C4FD6E296D315B00040E05 /* Frameworks */,
				C7C4FD6F296D315B00040E05 /* Resources */,
				F0535D8D29DFB2B70ECBF9CB /* [CP] Embed Pods Frameworks */,
			);
			buildRules = (
			);
			dependencies = (
			);
			name = "UMC-Reborn";
			productName = "UMC-Reborn";
			productReference = C7C4FD71296D315B00040E05 /* UMC-Reborn.app */;
			productType = "com.apple.product-type.application";
		};
/* End PBXNativeTarget section */

/* Begin PBXProject section */
		C7C4FD69296D315B00040E05 /* Project object */ = {
			isa = PBXProject;
			attributes = {
				BuildIndependentTargetsInParallel = 1;
				LastSwiftUpdateCheck = 1420;
				LastUpgradeCheck = 1420;
				TargetAttributes = {
					C7C4FD70296D315B00040E05 = {
						CreatedOnToolsVersion = 14.2;
					};
				};
			};
			buildConfigurationList = C7C4FD6C296D315B00040E05 /* Build configuration list for PBXProject "UMC-Reborn" */;
			compatibilityVersion = "Xcode 14.0";
			developmentRegion = en;
			hasScannedForEncodings = 0;
			knownRegions = (
				en,
				Base,
			);
			mainGroup = C7C4FD68296D315B00040E05;
			productRefGroup = C7C4FD72296D315B00040E05 /* Products */;
			projectDirPath = "";
			projectRoot = "";
			targets = (
				C7C4FD70296D315B00040E05 /* UMC-Reborn */,
			);
		};
/* End PBXProject section */

/* Begin PBXResourcesBuildPhase section */
		C7C4FD6F296D315B00040E05 /* Resources */ = {
			isa = PBXResourcesBuildPhase;
			buildActionMask = 2147483647;
			files = (
				952CB296296E813400BD7CD7 /* PersonalTab.storyboard in Resources */,
				C7DD72B729779D090076BFB4 /* (null) in Resources */,
				C7C4FD81296D315E00040E05 /* LaunchScreen.storyboard in Resources */,
				C7DD72B629779D090076BFB4 /* (null) in Resources */,
				C7C4FD81296D315E00040E05 /* LaunchScreen.storyboard in Resources */,
				952CB298296EB2CA00BD7CD7 /* Personal_Home.storyboard in Resources */,
				C7C4FD81296D315E00040E05 /* LaunchScreen.storyboard in Resources */,
				0BAEAC2529704020008079E6 /* JoinLogin.storyboard in Resources */,
				2F7010F0297586C100E09DD9 /* MyReborn.storyboard in Resources */,
				C7C4FD7E296D315E00040E05 /* Assets.xcassets in Resources */,
				C74FEE1A297177BF00BFC8D0 /* StoreTab.storyboard in Resources */,
				C71987522986CF0D000C87EB /* Personal_Jjim.storyboard in Resources */,
				C7C4FD7C296D315B00040E05 /* Main.storyboard in Resources */,
				95E9FFB4297E6EE80073DF2B /* SearchPage.storyboard in Resources */,
			);
			runOnlyForDeploymentPostprocessing = 0;
		};
/* End PBXResourcesBuildPhase section */

/* Begin PBXShellScriptBuildPhase section */
		6965A19F8B7A023819DAD2B1 /* [CP] Check Pods Manifest.lock */ = {
			isa = PBXShellScriptBuildPhase;
			buildActionMask = 2147483647;
			files = (
			);
			inputFileListPaths = (
			);
			inputPaths = (
				"${PODS_PODFILE_DIR_PATH}/Podfile.lock",
				"${PODS_ROOT}/Manifest.lock",
			);
			name = "[CP] Check Pods Manifest.lock";
			outputFileListPaths = (
			);
			outputPaths = (
				"$(DERIVED_FILE_DIR)/Pods-UMC-Reborn-checkManifestLockResult.txt",
			);
			runOnlyForDeploymentPostprocessing = 0;
			shellPath = /bin/sh;
			shellScript = "diff \"${PODS_PODFILE_DIR_PATH}/Podfile.lock\" \"${PODS_ROOT}/Manifest.lock\" > /dev/null\nif [ $? != 0 ] ; then\n    # print error to STDERR\n    echo \"error: The sandbox is not in sync with the Podfile.lock. Run 'pod install' or update your CocoaPods installation.\" >&2\n    exit 1\nfi\n# This output is used by Xcode 'outputs' to avoid re-running this script phase.\necho \"SUCCESS\" > \"${SCRIPT_OUTPUT_FILE_0}\"\n";
			showEnvVarsInLog = 0;
		};
		F0535D8D29DFB2B70ECBF9CB /* [CP] Embed Pods Frameworks */ = {
			isa = PBXShellScriptBuildPhase;
			buildActionMask = 2147483647;
			files = (
			);
			inputFileListPaths = (
				"${PODS_ROOT}/Target Support Files/Pods-UMC-Reborn/Pods-UMC-Reborn-frameworks-${CONFIGURATION}-input-files.xcfilelist",
			);
			name = "[CP] Embed Pods Frameworks";
			outputFileListPaths = (
				"${PODS_ROOT}/Target Support Files/Pods-UMC-Reborn/Pods-UMC-Reborn-frameworks-${CONFIGURATION}-output-files.xcfilelist",
			);
			runOnlyForDeploymentPostprocessing = 0;
			shellPath = /bin/sh;
			shellScript = "\"${PODS_ROOT}/Target Support Files/Pods-UMC-Reborn/Pods-UMC-Reborn-frameworks.sh\"\n";
			showEnvVarsInLog = 0;
		};
/* End PBXShellScriptBuildPhase section */

/* Begin PBXSourcesBuildPhase section */
		C7C4FD6D296D315B00040E05 /* Sources */ = {
			isa = PBXSourcesBuildPhase;
			buildActionMask = 2147483647;
			files = (
				0BC96D5C2975522800EA4926 /* LoginViewController.swift in Sources */,
				C7B8BCDF298423FC00FE3C0A /* PwErrorViewController.swift in Sources */,
				0B94772029899E4400B5829A /* FindIdViewController.swift in Sources */,
				2F7010EE2975845200E09DD9 /* MyRebornViewController.swift in Sources */,
				C7889DFC297C23050008E99F /* StoreReviewViewController.swift in Sources */,
				0B9477262989A86200B5829A /* FirstViewController.swift in Sources */,
				0B94771E29899E3000B5829A /* HelloSecondViewController.swift in Sources */,
				C7C4FD79296D315B00040E05 /* ViewController.swift in Sources */,
				0B94771429899DC700B5829A /* Basic_InfoViewController.swift in Sources */,
				2FB4A6A62977A46F00CA811C /* EditUserProfileViewController.swift in Sources */,
				C71987572986D46F000C87EB /* JjimTableViewCell.swift in Sources */,
				95E9FFA32977E55E0073DF2B /* RecruitedShopCollectionViewCell.swift in Sources */,
				2FB4A6AC2977A66000CA811C /* ReviewManageViewController.swift in Sources */,
				0B94770829899D6400B5829A /* NeighborViewController.swift in Sources */,
				C70D3D6E2982D89200CABA91 /* ModalStoreViewController.swift in Sources */,
				95E9FFA9297A92100073DF2B /* CategoryTableViewCell.swift in Sources */,
				C7DA00A5298920A00015BA4F /* APIStoreGet.swift in Sources */,
				C7C4FD75296D315B00040E05 /* AppDelegate.swift in Sources */,
				0B94772429899E6500B5829A /* ResetPwViewController.swift in Sources */,
				95E9FFB9297FAFE10073DF2B /* LatestSearchedCell.swift in Sources */,
				0B94771A29899DF700B5829A /* ShopBasic_InfoViewController.swift in Sources */,
				C70D3D4F2980F1C500CABA91 /* FirstTabViewController.swift in Sources */,
				C75E99072984E6F6003D40B4 /* CodeViewController.swift in Sources */,
				95E9FFAB297D9B280073DF2B /* adViewController.swift in Sources */,
				C7C4FD77296D315B00040E05 /* SceneDelegate.swift in Sources */,
				C70D3D572981890E00CABA91 /* SecondTabCollectionViewCell.swift in Sources */,
				0B94770C29899D8C00B5829A /* ServiceViewController.swift in Sources */,
				0B94771029899DA400B5829A /* EmailViewController.swift in Sources */,
				2F1B30C429758EC5001A7284 /* MyRebornCell.swift in Sources */,
				2FB4A6A82977A5D900CA811C /* RebornHistoryViewController.swift in Sources */,
				2F3150512982677F0088DD46 /* ReviewImageCollectionViewCell.swift in Sources */,
				0B94771229899DB200B5829A /* Id_PassWordViewController.swift in Sources */,
				C7DCE5442972936A00F44F1D /* EditRebornViewController.swift in Sources */,
				C7C4FD75296D315B00040E05 /* AppDelegate.swift in Sources */,
				0B0D66C6298CFA1800E5220F /* EmailViewSecondController.swift in Sources */,
				952CB2A12977569C00BD7CD7 /* NewShopViewController.swift in Sources */,
				C70D3D702982E7B900CABA91 /* PWChangeViewController.swift in Sources */,
				95E9FFA52979BE270073DF2B /* NewShopCollectionViewCell.swift in Sources */,
				952CB2A72977691100BD7CD7 /* PopularCafeViewController.swift in Sources */,
				95E9FFB2297D9F930073DF2B /* adCollectionViewCell.swift in Sources */,
				C71987552986D447000C87EB /* JjimViewController.swift in Sources */,
				95148B3D298256FF004A1A57 /* SearchResultTableViewCell.swift in Sources */,
				95E9FFBB29808CB10073DF2B /* SearchResultViewController.swift in Sources */,
				0B94771829899DDE00B5829A /* HelloViewController.swift in Sources */,
				0B94770429899BF400B5829A /* FirstLoginViewController.swift in Sources */,
				0B0D66C8298CFA6100E5220F /* Id_PassWordSecondViewController.swift in Sources */,
				952CB29F2977566B00BD7CD7 /* BestReviewViewController.swift in Sources */,
				C7889E01297C297D0008E99F /* StoreReviewTableViewCell.swift in Sources */,
				952CB29D2977557500BD7CD7 /* RecruitedRebronViewController.swift in Sources */,
				2F315053298276E90088DD46 /* RebornHistoryTableViewCell.swift in Sources */,
				952CB29A296EB51600BD7CD7 /* PersonalHomeViewController.swift in Sources */,
				C70D3D5D29819A4B00CABA91 /* SecondMainViewController.swift in Sources */,
				0B94772229899E5200B5829A /* FoundIdViewController.swift in Sources */,
				C70D3D5B29819A1D00CABA91 /* FirstMainViewController.swift in Sources */,
				C70D3D612981A16D00CABA91 /* FirstMainTableViewCell.swift in Sources */,
				C70D3D512980F1CF00CABA91 /* SecondTabViewController.swift in Sources */,
				C70D3D652982309D00CABA91 /* ThirdMainTableViewCell.swift in Sources */,
				C71987592986DBCA000C87EB /* APIRebornGet.swift in Sources */,
				952CB2A5297768D200BD7CD7 /* PopularSideDishViewController.swift in Sources */,
				952CB2A329775CBC00BD7CD7 /* PopularShopViewController.swift in Sources */,
				0B94770A29899D7800B5829A /* ShopLoginViewController.swift in Sources */,
				C70D3D632982308D00CABA91 /* SecondMainTableViewCell.swift in Sources */,
				C7C4FD77296D315B00040E05 /* SceneDelegate.swift in Sources */,
				C74FEE3C29717AE300BFC8D0 /* StoreTabBarController.swift in Sources */,
				C75E990929857BA2003D40B4 /* ReviewImage.swift in Sources */,
				C71C2D6F29757625007BA3E0 /* TimePopupViewController.swift in Sources */,
				0B0D66CA298CFC1D00E5220F /* JoinLoginAPIHandler.swift in Sources */,
				C70D3D6C2982D85500CABA91 /* TabModalViewController.swift in Sources */,
				0B94770E29899D9700B5829A /* WhoViewController.swift in Sources */,
				C70D3D6A29826F1D00CABA91 /* APIHandler.swift in Sources */,
				C7DA00A329891C740015BA4F /* APIReviewGet.swift in Sources */,
				C70D3D6A29826F1D00CABA91 /* APIRebornPost.swift in Sources */,
				C7B8BCE12984241200FE3C0A /* PwOkViewController.swift in Sources */,
				C70D3D552981637E00CABA91 /* SecondTabTableViewCell.swift in Sources */,
				2F62AE87297EA0C0008907B2 /* WriteReviewViewController.swift in Sources */,
				C71C2D6F29757625007BA3E0 /* TimePopupViewController.swift in Sources */,
				95E9FFA72979C8350073DF2B /* BestReviewCollectionViewCell.swift in Sources */,
				C74FEE4A2971B40800BFC8D0 /* EditStoreViewController.swift in Sources */,
				C70D3D532981001300CABA91 /* FirstTabTableViewCell.swift in Sources */,
				C74FEE442971893300BFC8D0 /* RebornEnrollViewController.swift in Sources */,
				95E9FFB7297E6F880073DF2B /* SearchViewController.swift in Sources */,
				C74FEE3E29717B6F00BFC8D0 /* StoreMainViewController.swift in Sources */,
				C70D3D5F29819A5C00CABA91 /* ThirdMainViewController.swift in Sources */,
				C70D3D59298197FE00CABA91 /* TabMainViewController.swift in Sources */,
				C7DCE53C29727AA900F44F1D /* EnrollTableViewCell.swift in Sources */,
				C76935B0297E435A00EB4528 /* StoreReviewCollectionViewCell.swift in Sources */,
				C74FEE4629718B7C00BFC8D0 /* AddRebornViewController.swift in Sources */,
				0B94771629899DD200B5829A /* InterestViewController.swift in Sources */,
				C74FEE48297199FE00BFC8D0 /* StoreManageViewController.swift in Sources */,
				0B94771C29899E2400B5829A /* InterestSecondViewController.swift in Sources */,
				C739AC13298A9D980016B840 /* APIRebornPatch.swift in Sources */,
				C7D56FAA2972BC5600A68015 /* PopupViewController.swift in Sources */,
			);
			runOnlyForDeploymentPostprocessing = 0;
		};
/* End PBXSourcesBuildPhase section */

/* Begin PBXVariantGroup section */
		C7C4FD7A296D315B00040E05 /* Main.storyboard */ = {
			isa = PBXVariantGroup;
			children = (
				C7C4FD7B296D315B00040E05 /* Base */,
			);
			name = Main.storyboard;
			sourceTree = "<group>";
		};
		C7C4FD7F296D315E00040E05 /* LaunchScreen.storyboard */ = {
			isa = PBXVariantGroup;
			children = (
				C7C4FD80296D315E00040E05 /* Base */,
			);
			name = LaunchScreen.storyboard;
			sourceTree = "<group>";
		};
/* End PBXVariantGroup section */

/* Begin XCBuildConfiguration section */
		C7C4FD83296D315E00040E05 /* Debug */ = {
			isa = XCBuildConfiguration;
			buildSettings = {
				ALWAYS_SEARCH_USER_PATHS = NO;
				CLANG_ANALYZER_NONNULL = YES;
				CLANG_ANALYZER_NUMBER_OBJECT_CONVERSION = YES_AGGRESSIVE;
				CLANG_CXX_LANGUAGE_STANDARD = "gnu++20";
				CLANG_ENABLE_MODULES = YES;
				CLANG_ENABLE_OBJC_ARC = YES;
				CLANG_ENABLE_OBJC_WEAK = YES;
				CLANG_WARN_BLOCK_CAPTURE_AUTORELEASING = YES;
				CLANG_WARN_BOOL_CONVERSION = YES;
				CLANG_WARN_COMMA = YES;
				CLANG_WARN_CONSTANT_CONVERSION = YES;
				CLANG_WARN_DEPRECATED_OBJC_IMPLEMENTATIONS = YES;
				CLANG_WARN_DIRECT_OBJC_ISA_USAGE = YES_ERROR;
				CLANG_WARN_DOCUMENTATION_COMMENTS = YES;
				CLANG_WARN_EMPTY_BODY = YES;
				CLANG_WARN_ENUM_CONVERSION = YES;
				CLANG_WARN_INFINITE_RECURSION = YES;
				CLANG_WARN_INT_CONVERSION = YES;
				CLANG_WARN_NON_LITERAL_NULL_CONVERSION = YES;
				CLANG_WARN_OBJC_IMPLICIT_RETAIN_SELF = YES;
				CLANG_WARN_OBJC_LITERAL_CONVERSION = YES;
				CLANG_WARN_OBJC_ROOT_CLASS = YES_ERROR;
				CLANG_WARN_QUOTED_INCLUDE_IN_FRAMEWORK_HEADER = YES;
				CLANG_WARN_RANGE_LOOP_ANALYSIS = YES;
				CLANG_WARN_STRICT_PROTOTYPES = YES;
				CLANG_WARN_SUSPICIOUS_MOVE = YES;
				CLANG_WARN_UNGUARDED_AVAILABILITY = YES_AGGRESSIVE;
				CLANG_WARN_UNREACHABLE_CODE = YES;
				CLANG_WARN__DUPLICATE_METHOD_MATCH = YES;
				COPY_PHASE_STRIP = NO;
				DEBUG_INFORMATION_FORMAT = dwarf;
				ENABLE_STRICT_OBJC_MSGSEND = YES;
				ENABLE_TESTABILITY = YES;
				GCC_C_LANGUAGE_STANDARD = gnu11;
				GCC_DYNAMIC_NO_PIC = NO;
				GCC_NO_COMMON_BLOCKS = YES;
				GCC_OPTIMIZATION_LEVEL = 0;
				GCC_PREPROCESSOR_DEFINITIONS = (
					"DEBUG=1",
					"$(inherited)",
				);
				GCC_WARN_64_TO_32_BIT_CONVERSION = YES;
				GCC_WARN_ABOUT_RETURN_TYPE = YES_ERROR;
				GCC_WARN_UNDECLARED_SELECTOR = YES;
				GCC_WARN_UNINITIALIZED_AUTOS = YES_AGGRESSIVE;
				GCC_WARN_UNUSED_FUNCTION = YES;
				GCC_WARN_UNUSED_VARIABLE = YES;
				IPHONEOS_DEPLOYMENT_TARGET = 16.2;
				MTL_ENABLE_DEBUG_INFO = INCLUDE_SOURCE;
				MTL_FAST_MATH = YES;
				ONLY_ACTIVE_ARCH = YES;
				SDKROOT = iphoneos;
				SWIFT_ACTIVE_COMPILATION_CONDITIONS = DEBUG;
				SWIFT_OPTIMIZATION_LEVEL = "-Onone";
			};
			name = Debug;
		};
		C7C4FD84296D315E00040E05 /* Release */ = {
			isa = XCBuildConfiguration;
			buildSettings = {
				ALWAYS_SEARCH_USER_PATHS = NO;
				CLANG_ANALYZER_NONNULL = YES;
				CLANG_ANALYZER_NUMBER_OBJECT_CONVERSION = YES_AGGRESSIVE;
				CLANG_CXX_LANGUAGE_STANDARD = "gnu++20";
				CLANG_ENABLE_MODULES = YES;
				CLANG_ENABLE_OBJC_ARC = YES;
				CLANG_ENABLE_OBJC_WEAK = YES;
				CLANG_WARN_BLOCK_CAPTURE_AUTORELEASING = YES;
				CLANG_WARN_BOOL_CONVERSION = YES;
				CLANG_WARN_COMMA = YES;
				CLANG_WARN_CONSTANT_CONVERSION = YES;
				CLANG_WARN_DEPRECATED_OBJC_IMPLEMENTATIONS = YES;
				CLANG_WARN_DIRECT_OBJC_ISA_USAGE = YES_ERROR;
				CLANG_WARN_DOCUMENTATION_COMMENTS = YES;
				CLANG_WARN_EMPTY_BODY = YES;
				CLANG_WARN_ENUM_CONVERSION = YES;
				CLANG_WARN_INFINITE_RECURSION = YES;
				CLANG_WARN_INT_CONVERSION = YES;
				CLANG_WARN_NON_LITERAL_NULL_CONVERSION = YES;
				CLANG_WARN_OBJC_IMPLICIT_RETAIN_SELF = YES;
				CLANG_WARN_OBJC_LITERAL_CONVERSION = YES;
				CLANG_WARN_OBJC_ROOT_CLASS = YES_ERROR;
				CLANG_WARN_QUOTED_INCLUDE_IN_FRAMEWORK_HEADER = YES;
				CLANG_WARN_RANGE_LOOP_ANALYSIS = YES;
				CLANG_WARN_STRICT_PROTOTYPES = YES;
				CLANG_WARN_SUSPICIOUS_MOVE = YES;
				CLANG_WARN_UNGUARDED_AVAILABILITY = YES_AGGRESSIVE;
				CLANG_WARN_UNREACHABLE_CODE = YES;
				CLANG_WARN__DUPLICATE_METHOD_MATCH = YES;
				COPY_PHASE_STRIP = NO;
				DEBUG_INFORMATION_FORMAT = "dwarf-with-dsym";
				ENABLE_NS_ASSERTIONS = NO;
				ENABLE_STRICT_OBJC_MSGSEND = YES;
				GCC_C_LANGUAGE_STANDARD = gnu11;
				GCC_NO_COMMON_BLOCKS = YES;
				GCC_WARN_64_TO_32_BIT_CONVERSION = YES;
				GCC_WARN_ABOUT_RETURN_TYPE = YES_ERROR;
				GCC_WARN_UNDECLARED_SELECTOR = YES;
				GCC_WARN_UNINITIALIZED_AUTOS = YES_AGGRESSIVE;
				GCC_WARN_UNUSED_FUNCTION = YES;
				GCC_WARN_UNUSED_VARIABLE = YES;
				IPHONEOS_DEPLOYMENT_TARGET = 16.2;
				MTL_ENABLE_DEBUG_INFO = NO;
				MTL_FAST_MATH = YES;
				SDKROOT = iphoneos;
				SWIFT_COMPILATION_MODE = wholemodule;
				SWIFT_OPTIMIZATION_LEVEL = "-O";
				VALIDATE_PRODUCT = YES;
			};
			name = Release;
		};
		C7C4FD86296D315E00040E05 /* Debug */ = {
			isa = XCBuildConfiguration;
			baseConfigurationReference = 20695CA204D5535133317C3B /* Pods-UMC-Reborn.debug.xcconfig */;
			buildSettings = {
				ASSETCATALOG_COMPILER_APPICON_NAME = AppIcon;
				ASSETCATALOG_COMPILER_GLOBAL_ACCENT_COLOR_NAME = AccentColor;
				CODE_SIGN_STYLE = Automatic;
				CURRENT_PROJECT_VERSION = 1;
				DEVELOPMENT_TEAM = "";
				GENERATE_INFOPLIST_FILE = YES;
				INFOPLIST_FILE = "UMC-Reborn/Info.plist";
				INFOPLIST_KEY_NSCameraUsageDescription = "''";
				INFOPLIST_KEY_NSPhotoLibraryUsageDescription = "'Re-born'이(가) 사용자의 사진첩에 접근하려고 합니다.";
				INFOPLIST_KEY_UIApplicationSupportsIndirectInputEvents = YES;
				INFOPLIST_KEY_UILaunchStoryboardName = LaunchScreen;
				INFOPLIST_KEY_UIMainStoryboardFile = Main;
				INFOPLIST_KEY_UISupportedInterfaceOrientations_iPad = "UIInterfaceOrientationPortrait UIInterfaceOrientationPortraitUpsideDown UIInterfaceOrientationLandscapeLeft UIInterfaceOrientationLandscapeRight";
				INFOPLIST_KEY_UISupportedInterfaceOrientations_iPhone = "UIInterfaceOrientationPortrait UIInterfaceOrientationLandscapeLeft UIInterfaceOrientationLandscapeRight";
				IPHONEOS_DEPLOYMENT_TARGET = 16.0;
				LD_RUNPATH_SEARCH_PATHS = (
					"$(inherited)",
					"@executable_path/Frameworks",
				);
				MARKETING_VERSION = 1.0;
				PRODUCT_BUNDLE_IDENTIFIER = "com.JKPARK.UMC-Reborn";
				PRODUCT_NAME = "$(TARGET_NAME)";
				SWIFT_EMIT_LOC_STRINGS = YES;
				SWIFT_VERSION = 5.0;
				TARGETED_DEVICE_FAMILY = "1,2";
			};
			name = Debug;
		};
		C7C4FD87296D315E00040E05 /* Release */ = {
			isa = XCBuildConfiguration;
			baseConfigurationReference = 0F6EF8032D9E3685D5618366 /* Pods-UMC-Reborn.release.xcconfig */;
			buildSettings = {
				ASSETCATALOG_COMPILER_APPICON_NAME = AppIcon;
				ASSETCATALOG_COMPILER_GLOBAL_ACCENT_COLOR_NAME = AccentColor;
				CODE_SIGN_STYLE = Automatic;
				CURRENT_PROJECT_VERSION = 1;
				DEVELOPMENT_TEAM = "";
				GENERATE_INFOPLIST_FILE = YES;
				INFOPLIST_FILE = "UMC-Reborn/Info.plist";
				INFOPLIST_KEY_NSCameraUsageDescription = "''";
				INFOPLIST_KEY_NSPhotoLibraryUsageDescription = "'Re-born'이(가) 사용자의 사진첩에 접근하려고 합니다.";
				INFOPLIST_KEY_UIApplicationSupportsIndirectInputEvents = YES;
				INFOPLIST_KEY_UILaunchStoryboardName = LaunchScreen;
				INFOPLIST_KEY_UIMainStoryboardFile = Main;
				INFOPLIST_KEY_UISupportedInterfaceOrientations_iPad = "UIInterfaceOrientationPortrait UIInterfaceOrientationPortraitUpsideDown UIInterfaceOrientationLandscapeLeft UIInterfaceOrientationLandscapeRight";
				INFOPLIST_KEY_UISupportedInterfaceOrientations_iPhone = "UIInterfaceOrientationPortrait UIInterfaceOrientationLandscapeLeft UIInterfaceOrientationLandscapeRight";
				IPHONEOS_DEPLOYMENT_TARGET = 16.0;
				LD_RUNPATH_SEARCH_PATHS = (
					"$(inherited)",
					"@executable_path/Frameworks",
				);
				MARKETING_VERSION = 1.0;
				PRODUCT_BUNDLE_IDENTIFIER = "com.JKPARK.UMC-Reborn";
				PRODUCT_NAME = "$(TARGET_NAME)";
				SWIFT_EMIT_LOC_STRINGS = YES;
				SWIFT_VERSION = 5.0;
				TARGETED_DEVICE_FAMILY = "1,2";
			};
			name = Release;
		};
/* End XCBuildConfiguration section */

/* Begin XCConfigurationList section */
		C7C4FD6C296D315B00040E05 /* Build configuration list for PBXProject "UMC-Reborn" */ = {
			isa = XCConfigurationList;
			buildConfigurations = (
				C7C4FD83296D315E00040E05 /* Debug */,
				C7C4FD84296D315E00040E05 /* Release */,
			);
			defaultConfigurationIsVisible = 0;
			defaultConfigurationName = Release;
		};
		C7C4FD85296D315E00040E05 /* Build configuration list for PBXNativeTarget "UMC-Reborn" */ = {
			isa = XCConfigurationList;
			buildConfigurations = (
				C7C4FD86296D315E00040E05 /* Debug */,
				C7C4FD87296D315E00040E05 /* Release */,
			);
			defaultConfigurationIsVisible = 0;
			defaultConfigurationName = Release;
		};
/* End XCConfigurationList section */
	};
	rootObject = C7C4FD69296D315B00040E05 /* Project object */;
}
