PODS:
  - Pageboy (3.7.0)
  - Tabman (2.13.0):
    - Pageboy (~> 3.7.0)

DEPENDENCIES:
  - Tabman (~> 2.9)

SPEC REPOS:
  trunk:
    - Pageboy
    - Tabman

SPEC CHECKSUMS:
  Pageboy: fe646118f7168960058bea7a96038386aa7c0da8
  Tabman: 66ea44c44488327ec20f3c8dc5554a5d22f5908c

PODFILE CHECKSUM: f19c9ad1f0c48c60f0a15c49ba31e5a8e3fd7751

COCOAPODS: 1.11.3
