PODS:
  - Alamofire (5.6.4)
  - Pageboy (3.7.0)
  - Tabman (2.13.0):
    - Pageboy (~> 3.7.0)

DEPENDENCIES:
  - Alamofire
  - Tabman (~> 2.9)

SPEC REPOS:
  trunk:
    - Alamofire
    - Pageboy
    - Tabman

SPEC CHECKSUMS:
  Alamofire: 4e95d97098eacb88856099c4fc79b526a299e48c
  Pageboy: fe646118f7168960058bea7a96038386aa7c0da8
  Tabman: 66ea44c44488327ec20f3c8dc5554a5d22f5908c

PODFILE CHECKSUM: e1182d39bd922953b945426441970f37a0f4a151

COCOAPODS: 1.11.3
